// !$*UTF8*$!
{
	archiveVersion = 1;
	classes = {
	};
	objectVersion = 51;
	objects = {

/* Begin PBXBuildFile section */
		615387E82452A6DE00568D6D /* AppDelegate.swift in Sources */ = {isa = PBXBuildFile; fileRef = 615387E72452A6DE00568D6D /* AppDelegate.swift */; };
		615387EE2452A6E200568D6D /* Assets.xcassets in Resources */ = {isa = PBXBuildFile; fileRef = 615387ED2452A6E200568D6D /* Assets.xcassets */; };
		615387F42452A6E200568D6D /* LaunchScreen.storyboard in Resources */ = {isa = PBXBuildFile; fileRef = 615387F22452A6E200568D6D /* LaunchScreen.storyboard */; };
		6153880D2452AE8700568D6D /* MasterViewController.swift in Sources */ = {isa = PBXBuildFile; fileRef = 615387FB2452AE8500568D6D /* MasterViewController.swift */; };
		6153880F2452AE8700568D6D /* UIWebViewViewController.swift in Sources */ = {isa = PBXBuildFile; fileRef = 615387FD2452AE8500568D6D /* UIWebViewViewController.swift */; };
		615388102452AE8700568D6D /* InterstitialAfiOViewController.swift in Sources */ = {isa = PBXBuildFile; fileRef = 615387FE2452AE8500568D6D /* InterstitialAfiOViewController.swift */; };
		615388112452AE8700568D6D /* AMoAdResultExtension.swift in Sources */ = {isa = PBXBuildFile; fileRef = 615387FF2452AE8500568D6D /* AMoAdResultExtension.swift */; };
		615388122452AE8700568D6D /* WebViewTestBaseViewController.swift in Sources */ = {isa = PBXBuildFile; fileRef = 615388002452AE8500568D6D /* WebViewTestBaseViewController.swift */; };
		615388132452AE8700568D6D /* PreRollAdViewController.swift in Sources */ = {isa = PBXBuildFile; fileRef = 615388012452AE8500568D6D /* PreRollAdViewController.swift */; };
		615388142452AE8700568D6D /* ListViewAdViewController.swift in Sources */ = {isa = PBXBuildFile; fileRef = 615388022452AE8500568D6D /* ListViewAdViewController.swift */; };
		615388152452AE8700568D6D /* InterstitilaAdViewController.swift in Sources */ = {isa = PBXBuildFile; fileRef = 615388032452AE8600568D6D /* InterstitilaAdViewController.swift */; };
		615388162452AE8700568D6D /* MainTableSource.json in Resources */ = {isa = PBXBuildFile; fileRef = 615388042452AE8600568D6D /* MainTableSource.json */; };
		615388172452AE8700568D6D /* TableRow.swift in Sources */ = {isa = PBXBuildFile; fileRef = 615388052452AE8600568D6D /* TableRow.swift */; };
		615388182452AE8700568D6D /* DisplayAdViewController.swift in Sources */ = {isa = PBXBuildFile; fileRef = 615388062452AE8600568D6D /* DisplayAdViewController.swift */; };
		615388192452AE8700568D6D /* NativeAdViewController.swift in Sources */ = {isa = PBXBuildFile; fileRef = 615388072452AE8600568D6D /* NativeAdViewController.swift */; };
		6153881A2452AE8700568D6D /* WKWebViewViewController.swift in Sources */ = {isa = PBXBuildFile; fileRef = 615388082452AE8600568D6D /* WKWebViewViewController.swift */; };
		6153881B2452AE8700568D6D /* InfeedAfiOViewController.swift in Sources */ = {isa = PBXBuildFile; fileRef = 615388092452AE8600568D6D /* InfeedAfiOViewController.swift */; };
		6153881C2452AE8700568D6D /* PageItemViewController.swift in Sources */ = {isa = PBXBuildFile; fileRef = 6153880A2452AE8600568D6D /* PageItemViewController.swift */; };
		6153881D2452AE8700568D6D /* TableSection.swift in Sources */ = {isa = PBXBuildFile; fileRef = 6153880B2452AE8600568D6D /* TableSection.swift */; };
		6153881E2452AE8700568D6D /* JsType.swift in Sources */ = {isa = PBXBuildFile; fileRef = 6153880C2452AE8600568D6D /* JsType.swift */; };
		615388232452AF9D00568D6D /* Main.storyboard in Resources */ = {isa = PBXBuildFile; fileRef = 615388212452AF9D00568D6D /* Main.storyboard */; };
		6153883E2452C43B00568D6D /* InfeedAfiOViewWithLink.xib in Resources */ = {isa = PBXBuildFile; fileRef = 615388362452C43A00568D6D /* InfeedAfiOViewWithLink.xib */; };
		6153883F2452C43B00568D6D /* NativeAppIconTextView.xib in Resources */ = {isa = PBXBuildFile; fileRef = 615388372452C43A00568D6D /* NativeAppIconTextView.xib */; };
		615388402452C43B00568D6D /* NativeAppViewWithLink.xib in Resources */ = {isa = PBXBuildFile; fileRef = 615388382452C43A00568D6D /* NativeAppViewWithLink.xib */; };
		615388412452C43B00568D6D /* InfeedAfiOViewWithoutLink.xib in Resources */ = {isa = PBXBuildFile; fileRef = 615388392452C43A00568D6D /* InfeedAfiOViewWithoutLink.xib */; };
		615388422452C43B00568D6D /* NativeAppOneLineTextView.xib in Resources */ = {isa = PBXBuildFile; fileRef = 6153883A2452C43A00568D6D /* NativeAppOneLineTextView.xib */; };
		615388432452C43B00568D6D /* NativeAppViewWithoutLink.xib in Resources */ = {isa = PBXBuildFile; fileRef = 6153883B2452C43A00568D6D /* NativeAppViewWithoutLink.xib */; };
		615388442452C43B00568D6D /* NativeListViewCell.xib in Resources */ = {isa = PBXBuildFile; fileRef = 6153883C2452C43A00568D6D /* NativeListViewCell.xib */; };
		615388452452C43B00568D6D /* NativeAppIconView.xib in Resources */ = {isa = PBXBuildFile; fileRef = 6153883D2452C43A00568D6D /* NativeAppIconView.xib */; };
		A2A70ADC4D7638C9B6F817DB /* Pods_AMoAdSdkDemo.framework in Frameworks */ = {isa = PBXBuildFile; fileRef = 0985F482D61858735CFF54CE /* Pods_AMoAdSdkDemo.framework */; };
/* End PBXBuildFile section */

/* Begin PBXFileReference section */
		0985F482D61858735CFF54CE /* Pods_AMoAdSdkDemo.framework */ = {isa = PBXFileReference; explicitFileType = wrapper.framework; includeInIndex = 0; path = Pods_AMoAdSdkDemo.framework; sourceTree = BUILT_PRODUCTS_DIR; };
		33F390826A207431B271FFEB /* Pods-AMoAdSdkDemo.debug.xcconfig */ = {isa = PBXFileReference; includeInIndex = 1; lastKnownFileType = text.xcconfig; name = "Pods-AMoAdSdkDemo.debug.xcconfig"; path = "Target Support Files/Pods-AMoAdSdkDemo/Pods-AMoAdSdkDemo.debug.xcconfig"; sourceTree = "<group>"; };
		615387E42452A6DE00568D6D /* AMoAdSdkDemo.app */ = {isa = PBXFileReference; explicitFileType = wrapper.application; includeInIndex = 0; path = AMoAdSdkDemo.app; sourceTree = BUILT_PRODUCTS_DIR; };
		615387E72452A6DE00568D6D /* AppDelegate.swift */ = {isa = PBXFileReference; lastKnownFileType = sourcecode.swift; path = AppDelegate.swift; sourceTree = "<group>"; };
		615387ED2452A6E200568D6D /* Assets.xcassets */ = {isa = PBXFileReference; lastKnownFileType = folder.assetcatalog; path = Assets.xcassets; sourceTree = "<group>"; };
		615387F32452A6E200568D6D /* Base */ = {isa = PBXFileReference; lastKnownFileType = file.storyboard; name = Base; path = Base.lproj/LaunchScreen.storyboard; sourceTree = "<group>"; };
		615387F52452A6E200568D6D /* Info.plist */ = {isa = PBXFileReference; lastKnownFileType = text.plist.xml; path = Info.plist; sourceTree = "<group>"; };
		615387FB2452AE8500568D6D /* MasterViewController.swift */ = {isa = PBXFileReference; fileEncoding = 4; lastKnownFileType = sourcecode.swift; path = MasterViewController.swift; sourceTree = "<group>"; };
		615387FD2452AE8500568D6D /* UIWebViewViewController.swift */ = {isa = PBXFileReference; fileEncoding = 4; lastKnownFileType = sourcecode.swift; path = UIWebViewViewController.swift; sourceTree = "<group>"; };
		615387FE2452AE8500568D6D /* InterstitialAfiOViewController.swift */ = {isa = PBXFileReference; fileEncoding = 4; lastKnownFileType = sourcecode.swift; path = InterstitialAfiOViewController.swift; sourceTree = "<group>"; };
		615387FF2452AE8500568D6D /* AMoAdResultExtension.swift */ = {isa = PBXFileReference; fileEncoding = 4; lastKnownFileType = sourcecode.swift; path = AMoAdResultExtension.swift; sourceTree = "<group>"; };
		615388002452AE8500568D6D /* WebViewTestBaseViewController.swift */ = {isa = PBXFileReference; fileEncoding = 4; lastKnownFileType = sourcecode.swift; path = WebViewTestBaseViewController.swift; sourceTree = "<group>"; };
		615388012452AE8500568D6D /* PreRollAdViewController.swift */ = {isa = PBXFileReference; fileEncoding = 4; lastKnownFileType = sourcecode.swift; path = PreRollAdViewController.swift; sourceTree = "<group>"; };
		615388022452AE8500568D6D /* ListViewAdViewController.swift */ = {isa = PBXFileReference; fileEncoding = 4; lastKnownFileType = sourcecode.swift; path = ListViewAdViewController.swift; sourceTree = "<group>"; };
		615388032452AE8600568D6D /* InterstitilaAdViewController.swift */ = {isa = PBXFileReference; fileEncoding = 4; lastKnownFileType = sourcecode.swift; path = InterstitilaAdViewController.swift; sourceTree = "<group>"; };
		615388042452AE8600568D6D /* MainTableSource.json */ = {isa = PBXFileReference; fileEncoding = 4; lastKnownFileType = text.json; path = MainTableSource.json; sourceTree = "<group>"; };
		615388052452AE8600568D6D /* TableRow.swift */ = {isa = PBXFileReference; fileEncoding = 4; lastKnownFileType = sourcecode.swift; path = TableRow.swift; sourceTree = "<group>"; };
		615388062452AE8600568D6D /* DisplayAdViewController.swift */ = {isa = PBXFileReference; fileEncoding = 4; lastKnownFileType = sourcecode.swift; path = DisplayAdViewController.swift; sourceTree = "<group>"; };
		615388072452AE8600568D6D /* NativeAdViewController.swift */ = {isa = PBXFileReference; fileEncoding = 4; lastKnownFileType = sourcecode.swift; path = NativeAdViewController.swift; sourceTree = "<group>"; };
		615388082452AE8600568D6D /* WKWebViewViewController.swift */ = {isa = PBXFileReference; fileEncoding = 4; lastKnownFileType = sourcecode.swift; path = WKWebViewViewController.swift; sourceTree = "<group>"; };
		615388092452AE8600568D6D /* InfeedAfiOViewController.swift */ = {isa = PBXFileReference; fileEncoding = 4; lastKnownFileType = sourcecode.swift; path = InfeedAfiOViewController.swift; sourceTree = "<group>"; };
		6153880A2452AE8600568D6D /* PageItemViewController.swift */ = {isa = PBXFileReference; fileEncoding = 4; lastKnownFileType = sourcecode.swift; path = PageItemViewController.swift; sourceTree = "<group>"; };
		6153880B2452AE8600568D6D /* TableSection.swift */ = {isa = PBXFileReference; fileEncoding = 4; lastKnownFileType = sourcecode.swift; path = TableSection.swift; sourceTree = "<group>"; };
		6153880C2452AE8600568D6D /* JsType.swift */ = {isa = PBXFileReference; fileEncoding = 4; lastKnownFileType = sourcecode.swift; path = JsType.swift; sourceTree = "<group>"; };
		615388222452AF9D00568D6D /* Base */ = {isa = PBXFileReference; lastKnownFileType = file.storyboard; name = Base; path = Base.lproj/Main.storyboard; sourceTree = "<group>"; };
		615388362452C43A00568D6D /* InfeedAfiOViewWithLink.xib */ = {isa = PBXFileReference; fileEncoding = 4; lastKnownFileType = file.xib; name = InfeedAfiOViewWithLink.xib; path = View/InfeedAfiOViewWithLink.xib; sourceTree = "<group>"; };
		615388372452C43A00568D6D /* NativeAppIconTextView.xib */ = {isa = PBXFileReference; fileEncoding = 4; lastKnownFileType = file.xib; name = NativeAppIconTextView.xib; path = View/NativeAppIconTextView.xib; sourceTree = "<group>"; };
		615388382452C43A00568D6D /* NativeAppViewWithLink.xib */ = {isa = PBXFileReference; fileEncoding = 4; lastKnownFileType = file.xib; name = NativeAppViewWithLink.xib; path = View/NativeAppViewWithLink.xib; sourceTree = "<group>"; };
		615388392452C43A00568D6D /* InfeedAfiOViewWithoutLink.xib */ = {isa = PBXFileReference; fileEncoding = 4; lastKnownFileType = file.xib; name = InfeedAfiOViewWithoutLink.xib; path = View/InfeedAfiOViewWithoutLink.xib; sourceTree = "<group>"; };
		6153883A2452C43A00568D6D /* NativeAppOneLineTextView.xib */ = {isa = PBXFileReference; fileEncoding = 4; lastKnownFileType = file.xib; name = NativeAppOneLineTextView.xib; path = View/NativeAppOneLineTextView.xib; sourceTree = "<group>"; };
		6153883B2452C43A00568D6D /* NativeAppViewWithoutLink.xib */ = {isa = PBXFileReference; fileEncoding = 4; lastKnownFileType = file.xib; name = NativeAppViewWithoutLink.xib; path = View/NativeAppViewWithoutLink.xib; sourceTree = "<group>"; };
		6153883C2452C43A00568D6D /* NativeListViewCell.xib */ = {isa = PBXFileReference; fileEncoding = 4; lastKnownFileType = file.xib; name = NativeListViewCell.xib; path = View/NativeListViewCell.xib; sourceTree = "<group>"; };
		6153883D2452C43A00568D6D /* NativeAppIconView.xib */ = {isa = PBXFileReference; fileEncoding = 4; lastKnownFileType = file.xib; name = NativeAppIconView.xib; path = View/NativeAppIconView.xib; sourceTree = "<group>"; };
		6386232EEBF1D89559509170 /* Pods-AMoAdSdkDemo.release.xcconfig */ = {isa = PBXFileReference; includeInIndex = 1; lastKnownFileType = text.xcconfig; name = "Pods-AMoAdSdkDemo.release.xcconfig"; path = "Target Support Files/Pods-AMoAdSdkDemo/Pods-AMoAdSdkDemo.release.xcconfig"; sourceTree = "<group>"; };
/* End PBXFileReference section */

/* Begin PBXFrameworksBuildPhase section */
		615387E12452A6DE00568D6D /* Frameworks */ = {
			isa = PBXFrameworksBuildPhase;
			buildActionMask = 2147483647;
			files = (
				A2A70ADC4D7638C9B6F817DB /* Pods_AMoAdSdkDemo.framework in Frameworks */,
			);
			runOnlyForDeploymentPostprocessing = 0;
		};
/* End PBXFrameworksBuildPhase section */

/* Begin PBXGroup section */
		06ED3E6AA0F1CE07A424F521 /* Pods */ = {
			isa = PBXGroup;
			children = (
				33F390826A207431B271FFEB /* Pods-AMoAdSdkDemo.debug.xcconfig */,
				6386232EEBF1D89559509170 /* Pods-AMoAdSdkDemo.release.xcconfig */,
			);
			path = Pods;
			sourceTree = "<group>";
		};
		615387DB2452A6DD00568D6D = {
			isa = PBXGroup;
			children = (
				615387E62452A6DE00568D6D /* AMoAdSdkDemo */,
				615387E52452A6DE00568D6D /* Products */,
				06ED3E6AA0F1CE07A424F521 /* Pods */,
				D418E4E97B5C48990743EF52 /* Frameworks */,
			);
			sourceTree = "<group>";
		};
		615387E52452A6DE00568D6D /* Products */ = {
			isa = PBXGroup;
			children = (
				615387E42452A6DE00568D6D /* AMoAdSdkDemo.app */,
			);
			name = Products;
			sourceTree = "<group>";
		};
		615387E62452A6DE00568D6D /* AMoAdSdkDemo */ = {
			isa = PBXGroup;
			children = (
				615388462452C44200568D6D /* View */,
				615388212452AF9D00568D6D /* Main.storyboard */,
				615387FF2452AE8500568D6D /* AMoAdResultExtension.swift */,
				615388062452AE8600568D6D /* DisplayAdViewController.swift */,
				615388092452AE8600568D6D /* InfeedAfiOViewController.swift */,
				615387FE2452AE8500568D6D /* InterstitialAfiOViewController.swift */,
				615388032452AE8600568D6D /* InterstitilaAdViewController.swift */,
				6153880C2452AE8600568D6D /* JsType.swift */,
				615388022452AE8500568D6D /* ListViewAdViewController.swift */,
				615388042452AE8600568D6D /* MainTableSource.json */,
				615387FB2452AE8500568D6D /* MasterViewController.swift */,
				615388072452AE8600568D6D /* NativeAdViewController.swift */,
				6153880A2452AE8600568D6D /* PageItemViewController.swift */,
				615388012452AE8500568D6D /* PreRollAdViewController.swift */,
				615388052452AE8600568D6D /* TableRow.swift */,
				6153880B2452AE8600568D6D /* TableSection.swift */,
				615387FD2452AE8500568D6D /* UIWebViewViewController.swift */,
				615388002452AE8500568D6D /* WebViewTestBaseViewController.swift */,
				615388082452AE8600568D6D /* WKWebViewViewController.swift */,
				615387E72452A6DE00568D6D /* AppDelegate.swift */,
				615387ED2452A6E200568D6D /* Assets.xcassets */,
				615387F22452A6E200568D6D /* LaunchScreen.storyboard */,
				615387F52452A6E200568D6D /* Info.plist */,
			);
			path = AMoAdSdkDemo;
			sourceTree = "<group>";
		};
		615388462452C44200568D6D /* View */ = {
			isa = PBXGroup;
			children = (
				615388362452C43A00568D6D /* InfeedAfiOViewWithLink.xib */,
				615388392452C43A00568D6D /* InfeedAfiOViewWithoutLink.xib */,
				615388372452C43A00568D6D /* NativeAppIconTextView.xib */,
				6153883D2452C43A00568D6D /* NativeAppIconView.xib */,
				6153883A2452C43A00568D6D /* NativeAppOneLineTextView.xib */,
				615388382452C43A00568D6D /* NativeAppViewWithLink.xib */,
				6153883B2452C43A00568D6D /* NativeAppViewWithoutLink.xib */,
				6153883C2452C43A00568D6D /* NativeListViewCell.xib */,
			);
			name = View;
			sourceTree = "<group>";
		};
		D418E4E97B5C48990743EF52 /* Frameworks */ = {
			isa = PBXGroup;
			children = (
				0985F482D61858735CFF54CE /* Pods_AMoAdSdkDemo.framework */,
			);
			name = Frameworks;
			sourceTree = "<group>";
		};
/* End PBXGroup section */

/* Begin PBXNativeTarget section */
		615387E32452A6DE00568D6D /* AMoAdSdkDemo */ = {
			isa = PBXNativeTarget;
			buildConfigurationList = 615387F82452A6E200568D6D /* Build configuration list for PBXNativeTarget "AMoAdSdkDemo" */;
			buildPhases = (
				13E54EEC85CF9EC2EB0143B7 /* [CP] Check Pods Manifest.lock */,
				615387E02452A6DE00568D6D /* Sources */,
				615387E12452A6DE00568D6D /* Frameworks */,
				615387E22452A6DE00568D6D /* Resources */,
				DAA467975E4395D91C7DD00B /* [CP] Embed Pods Frameworks */,
			);
			buildRules = (
			);
			dependencies = (
			);
			name = AMoAdSdkDemo;
			productName = AMoAdSdkDemo;
			productReference = 615387E42452A6DE00568D6D /* AMoAdSdkDemo.app */;
			productType = "com.apple.product-type.application";
		};
/* End PBXNativeTarget section */

/* Begin PBXProject section */
		615387DC2452A6DD00568D6D /* Project object */ = {
			isa = PBXProject;
			attributes = {
				LastSwiftUpdateCheck = 1140;
				LastUpgradeCheck = 1140;
				ORGANIZATIONNAME = CAWise;
				TargetAttributes = {
					615387E32452A6DE00568D6D = {
						CreatedOnToolsVersion = 11.4.1;
					};
				};
			};
			buildConfigurationList = 615387DF2452A6DD00568D6D /* Build configuration list for PBXProject "AMoAdSdkDemo" */;
			compatibilityVersion = "Xcode 9.3";
			developmentRegion = en;
			hasScannedForEncodings = 0;
			knownRegions = (
				en,
				Base,
			);
			mainGroup = 615387DB2452A6DD00568D6D;
			productRefGroup = 615387E52452A6DE00568D6D /* Products */;
			projectDirPath = "";
			projectRoot = "";
			targets = (
				615387E32452A6DE00568D6D /* AMoAdSdkDemo */,
			);
		};
/* End PBXProject section */

/* Begin PBXResourcesBuildPhase section */
		615387E22452A6DE00568D6D /* Resources */ = {
			isa = PBXResourcesBuildPhase;
			buildActionMask = 2147483647;
			files = (
				615388432452C43B00568D6D /* NativeAppViewWithoutLink.xib in Resources */,
				615387F42452A6E200568D6D /* LaunchScreen.storyboard in Resources */,
				6153883F2452C43B00568D6D /* NativeAppIconTextView.xib in Resources */,
				615388162452AE8700568D6D /* MainTableSource.json in Resources */,
				6153883E2452C43B00568D6D /* InfeedAfiOViewWithLink.xib in Resources */,
				615388422452C43B00568D6D /* NativeAppOneLineTextView.xib in Resources */,
				615388442452C43B00568D6D /* NativeListViewCell.xib in Resources */,
				615388232452AF9D00568D6D /* Main.storyboard in Resources */,
				615388412452C43B00568D6D /* InfeedAfiOViewWithoutLink.xib in Resources */,
				615387EE2452A6E200568D6D /* Assets.xcassets in Resources */,
				615388452452C43B00568D6D /* NativeAppIconView.xib in Resources */,
				615388402452C43B00568D6D /* NativeAppViewWithLink.xib in Resources */,
			);
			runOnlyForDeploymentPostprocessing = 0;
		};
/* End PBXResourcesBuildPhase section */

/* Begin PBXShellScriptBuildPhase section */
		13E54EEC85CF9EC2EB0143B7 /* [CP] Check Pods Manifest.lock */ = {
			isa = PBXShellScriptBuildPhase;
			buildActionMask = 2147483647;
			files = (
			);
			inputFileListPaths = (
			);
			inputPaths = (
				"${PODS_PODFILE_DIR_PATH}/Podfile.lock",
				"${PODS_ROOT}/Manifest.lock",
			);
			name = "[CP] Check Pods Manifest.lock";
			outputFileListPaths = (
			);
			outputPaths = (
				"$(DERIVED_FILE_DIR)/Pods-AMoAdSdkDemo-checkManifestLockResult.txt",
			);
			runOnlyForDeploymentPostprocessing = 0;
			shellPath = /bin/sh;
			shellScript = "diff \"${PODS_PODFILE_DIR_PATH}/Podfile.lock\" \"${PODS_ROOT}/Manifest.lock\" > /dev/null\nif [ $? != 0 ] ; then\n    # print error to STDERR\n    echo \"error: The sandbox is not in sync with the Podfile.lock. Run 'pod install' or update your CocoaPods installation.\" >&2\n    exit 1\nfi\n# This output is used by Xcode 'outputs' to avoid re-running this script phase.\necho \"SUCCESS\" > \"${SCRIPT_OUTPUT_FILE_0}\"\n";
			showEnvVarsInLog = 0;
		};
		DAA467975E4395D91C7DD00B /* [CP] Embed Pods Frameworks */ = {
			isa = PBXShellScriptBuildPhase;
			buildActionMask = 2147483647;
			files = (
			);
			inputFileListPaths = (
				"${PODS_ROOT}/Target Support Files/Pods-AMoAdSdkDemo/Pods-AMoAdSdkDemo-frameworks-${CONFIGURATION}-input-files.xcfilelist",
			);
			name = "[CP] Embed Pods Frameworks";
			outputFileListPaths = (
				"${PODS_ROOT}/Target Support Files/Pods-AMoAdSdkDemo/Pods-AMoAdSdkDemo-frameworks-${CONFIGURATION}-output-files.xcfilelist",
			);
			runOnlyForDeploymentPostprocessing = 0;
			shellPath = /bin/sh;
			shellScript = "\"${PODS_ROOT}/Target Support Files/Pods-AMoAdSdkDemo/Pods-AMoAdSdkDemo-frameworks.sh\"\n";
			showEnvVarsInLog = 0;
		};
/* End PBXShellScriptBuildPhase section */

/* Begin PBXSourcesBuildPhase section */
		615387E02452A6DE00568D6D /* Sources */ = {
			isa = PBXSourcesBuildPhase;
			buildActionMask = 2147483647;
			files = (
				6153880D2452AE8700568D6D /* MasterViewController.swift in Sources */,
				615387E82452A6DE00568D6D /* AppDelegate.swift in Sources */,
				6153881E2452AE8700568D6D /* JsType.swift in Sources */,
				6153881C2452AE8700568D6D /* PageItemViewController.swift in Sources */,
				6153880F2452AE8700568D6D /* UIWebViewViewController.swift in Sources */,
				615388112452AE8700568D6D /* AMoAdResultExtension.swift in Sources */,
				6153881D2452AE8700568D6D /* TableSection.swift in Sources */,
				615388132452AE8700568D6D /* PreRollAdViewController.swift in Sources */,
				615388152452AE8700568D6D /* InterstitilaAdViewController.swift in Sources */,
				615388192452AE8700568D6D /* NativeAdViewController.swift in Sources */,
				615388122452AE8700568D6D /* WebViewTestBaseViewController.swift in Sources */,
				615388172452AE8700568D6D /* TableRow.swift in Sources */,
				6153881A2452AE8700568D6D /* WKWebViewViewController.swift in Sources */,
				615388102452AE8700568D6D /* InterstitialAfiOViewController.swift in Sources */,
				615388182452AE8700568D6D /* DisplayAdViewController.swift in Sources */,
				6153881B2452AE8700568D6D /* InfeedAfiOViewController.swift in Sources */,
				615388142452AE8700568D6D /* ListViewAdViewController.swift in Sources */,
			);
			runOnlyForDeploymentPostprocessing = 0;
		};
/* End PBXSourcesBuildPhase section */

/* Begin PBXVariantGroup section */
		615387F22452A6E200568D6D /* LaunchScreen.storyboard */ = {
			isa = PBXVariantGroup;
			children = (
				615387F32452A6E200568D6D /* Base */,
			);
			name = LaunchScreen.storyboard;
			sourceTree = "<group>";
		};
		615388212452AF9D00568D6D /* Main.storyboard */ = {
			isa = PBXVariantGroup;
			children = (
				615388222452AF9D00568D6D /* Base */,
			);
			name = Main.storyboard;
			sourceTree = "<group>";
		};
/* End PBXVariantGroup section */

/* Begin XCBuildConfiguration section */
		615387F62452A6E200568D6D /* Debug */ = {
			isa = XCBuildConfiguration;
			buildSettings = {
				ALWAYS_SEARCH_USER_PATHS = NO;
				CLANG_ANALYZER_NONNULL = YES;
				CLANG_ANALYZER_NUMBER_OBJECT_CONVERSION = YES_AGGRESSIVE;
				CLANG_CXX_LANGUAGE_STANDARD = "gnu++14";
				CLANG_CXX_LIBRARY = "libc++";
				CLANG_ENABLE_MODULES = YES;
				CLANG_ENABLE_OBJC_ARC = YES;
				CLANG_ENABLE_OBJC_WEAK = YES;
				CLANG_WARN_BLOCK_CAPTURE_AUTORELEASING = YES;
				CLANG_WARN_BOOL_CONVERSION = YES;
				CLANG_WARN_COMMA = YES;
				CLANG_WARN_CONSTANT_CONVERSION = YES;
				CLANG_WARN_DEPRECATED_OBJC_IMPLEMENTATIONS = YES;
				CLANG_WARN_DIRECT_OBJC_ISA_USAGE = YES_ERROR;
				CLANG_WARN_DOCUMENTATION_COMMENTS = YES;
				CLANG_WARN_EMPTY_BODY = YES;
				CLANG_WARN_ENUM_CONVERSION = YES;
				CLANG_WARN_INFINITE_RECURSION = YES;
				CLANG_WARN_INT_CONVERSION = YES;
				CLANG_WARN_NON_LITERAL_NULL_CONVERSION = YES;
				CLANG_WARN_OBJC_IMPLICIT_RETAIN_SELF = YES;
				CLANG_WARN_OBJC_LITERAL_CONVERSION = YES;
				CLANG_WARN_OBJC_ROOT_CLASS = YES_ERROR;
				CLANG_WARN_RANGE_LOOP_ANALYSIS = YES;
				CLANG_WARN_STRICT_PROTOTYPES = YES;
				CLANG_WARN_SUSPICIOUS_MOVE = YES;
				CLANG_WARN_UNGUARDED_AVAILABILITY = YES_AGGRESSIVE;
				CLANG_WARN_UNREACHABLE_CODE = YES;
				CLANG_WARN__DUPLICATE_METHOD_MATCH = YES;
				COPY_PHASE_STRIP = NO;
				DEBUG_INFORMATION_FORMAT = dwarf;
				ENABLE_STRICT_OBJC_MSGSEND = YES;
				ENABLE_TESTABILITY = YES;
				GCC_C_LANGUAGE_STANDARD = gnu11;
				GCC_DYNAMIC_NO_PIC = NO;
				GCC_NO_COMMON_BLOCKS = YES;
				GCC_OPTIMIZATION_LEVEL = 0;
				GCC_PREPROCESSOR_DEFINITIONS = (
					"DEBUG=1",
					"$(inherited)",
				);
				GCC_WARN_64_TO_32_BIT_CONVERSION = YES;
				GCC_WARN_ABOUT_RETURN_TYPE = YES_ERROR;
				GCC_WARN_UNDECLARED_SELECTOR = YES;
				GCC_WARN_UNINITIALIZED_AUTOS = YES_AGGRESSIVE;
				GCC_WARN_UNUSED_FUNCTION = YES;
				GCC_WARN_UNUSED_VARIABLE = YES;
				IPHONEOS_DEPLOYMENT_TARGET = 9.0;
				MTL_ENABLE_DEBUG_INFO = INCLUDE_SOURCE;
				MTL_FAST_MATH = YES;
				ONLY_ACTIVE_ARCH = YES;
				SDKROOT = iphoneos;
				SWIFT_ACTIVE_COMPILATION_CONDITIONS = DEBUG;
				SWIFT_OPTIMIZATION_LEVEL = "-Onone";
			};
			name = Debug;
		};
		615387F72452A6E200568D6D /* Release */ = {
			isa = XCBuildConfiguration;
			buildSettings = {
				ALWAYS_SEARCH_USER_PATHS = NO;
				CLANG_ANALYZER_NONNULL = YES;
				CLANG_ANALYZER_NUMBER_OBJECT_CONVERSION = YES_AGGRESSIVE;
				CLANG_CXX_LANGUAGE_STANDARD = "gnu++14";
				CLANG_CXX_LIBRARY = "libc++";
				CLANG_ENABLE_MODULES = YES;
				CLANG_ENABLE_OBJC_ARC = YES;
				CLANG_ENABLE_OBJC_WEAK = YES;
				CLANG_WARN_BLOCK_CAPTURE_AUTORELEASING = YES;
				CLANG_WARN_BOOL_CONVERSION = YES;
				CLANG_WARN_COMMA = YES;
				CLANG_WARN_CONSTANT_CONVERSION = YES;
				CLANG_WARN_DEPRECATED_OBJC_IMPLEMENTATIONS = YES;
				CLANG_WARN_DIRECT_OBJC_ISA_USAGE = YES_ERROR;
				CLANG_WARN_DOCUMENTATION_COMMENTS = YES;
				CLANG_WARN_EMPTY_BODY = YES;
				CLANG_WARN_ENUM_CONVERSION = YES;
				CLANG_WARN_INFINITE_RECURSION = YES;
				CLANG_WARN_INT_CONVERSION = YES;
				CLANG_WARN_NON_LITERAL_NULL_CONVERSION = YES;
				CLANG_WARN_OBJC_IMPLICIT_RETAIN_SELF = YES;
				CLANG_WARN_OBJC_LITERAL_CONVERSION = YES;
				CLANG_WARN_OBJC_ROOT_CLASS = YES_ERROR;
				CLANG_WARN_RANGE_LOOP_ANALYSIS = YES;
				CLANG_WARN_STRICT_PROTOTYPES = YES;
				CLANG_WARN_SUSPICIOUS_MOVE = YES;
				CLANG_WARN_UNGUARDED_AVAILABILITY = YES_AGGRESSIVE;
				CLANG_WARN_UNREACHABLE_CODE = YES;
				CLANG_WARN__DUPLICATE_METHOD_MATCH = YES;
				COPY_PHASE_STRIP = NO;
				DEBUG_INFORMATION_FORMAT = "dwarf-with-dsym";
				ENABLE_NS_ASSERTIONS = NO;
				ENABLE_STRICT_OBJC_MSGSEND = YES;
				GCC_C_LANGUAGE_STANDARD = gnu11;
				GCC_NO_COMMON_BLOCKS = YES;
				GCC_WARN_64_TO_32_BIT_CONVERSION = YES;
				GCC_WARN_ABOUT_RETURN_TYPE = YES_ERROR;
				GCC_WARN_UNDECLARED_SELECTOR = YES;
				GCC_WARN_UNINITIALIZED_AUTOS = YES_AGGRESSIVE;
				GCC_WARN_UNUSED_FUNCTION = YES;
				GCC_WARN_UNUSED_VARIABLE = YES;
				IPHONEOS_DEPLOYMENT_TARGET = 9.0;
				MTL_ENABLE_DEBUG_INFO = NO;
				MTL_FAST_MATH = YES;
				SDKROOT = iphoneos;
				SWIFT_COMPILATION_MODE = wholemodule;
				SWIFT_OPTIMIZATION_LEVEL = "-O";
				VALIDATE_PRODUCT = YES;
			};
			name = Release;
		};
		615387F92452A6E200568D6D /* Debug */ = {
			isa = XCBuildConfiguration;
			baseConfigurationReference = 33F390826A207431B271FFEB /* Pods-AMoAdSdkDemo.debug.xcconfig */;
			buildSettings = {
				ASSETCATALOG_COMPILER_APPICON_NAME = AppIcon;
				CODE_SIGN_STYLE = Automatic;
				DEVELOPMENT_ASSET_PATHS = "";
				ENABLE_PREVIEWS = YES;
				INFOPLIST_FILE = AMoAdSdkDemo/Info.plist;
				LD_RUNPATH_SEARCH_PATHS = (
					"$(inherited)",
					"@executable_path/Frameworks",
				);
				PRODUCT_BUNDLE_IDENTIFIER = com.cawise.AMoAdSdkDemo;
				PRODUCT_NAME = "$(TARGET_NAME)";
				SWIFT_VERSION = 5.0;
				TARGETED_DEVICE_FAMILY = "1,2";
			};
			name = Debug;
		};
		615387FA2452A6E200568D6D /* Release */ = {
			isa = XCBuildConfiguration;
			baseConfigurationReference = 6386232EEBF1D89559509170 /* Pods-AMoAdSdkDemo.release.xcconfig */;
			buildSettings = {
				ASSETCATALOG_COMPILER_APPICON_NAME = AppIcon;
				CODE_SIGN_STYLE = Automatic;
				DEVELOPMENT_ASSET_PATHS = "";
				ENABLE_PREVIEWS = YES;
				INFOPLIST_FILE = AMoAdSdkDemo/Info.plist;
				LD_RUNPATH_SEARCH_PATHS = (
					"$(inherited)",
					"@executable_path/Frameworks",
				);
				PRODUCT_BUNDLE_IDENTIFIER = com.cawise.AMoAdSdkDemo;
				PRODUCT_NAME = "$(TARGET_NAME)";
				SWIFT_VERSION = 5.0;
				TARGETED_DEVICE_FAMILY = "1,2";
			};
			name = Release;
		};
/* End XCBuildConfiguration section */

/* Begin XCConfigurationList section */
		615387DF2452A6DD00568D6D /* Build configuration list for PBXProject "AMoAdSdkDemo" */ = {
			isa = XCConfigurationList;
			buildConfigurations = (
				615387F62452A6E200568D6D /* Debug */,
				615387F72452A6E200568D6D /* Release */,
			);
			defaultConfigurationIsVisible = 0;
			defaultConfigurationName = Release;
		};
		615387F82452A6E200568D6D /* Build configuration list for PBXNativeTarget "AMoAdSdkDemo" */ = {
			isa = XCConfigurationList;
			buildConfigurations = (
				615387F92452A6E200568D6D /* Debug */,
				615387FA2452A6E200568D6D /* Release */,
			);
			defaultConfigurationIsVisible = 0;
			defaultConfigurationName = Release;
		};
/* End XCConfigurationList section */
	};
	rootObject = 615387DC2452A6DD00568D6D /* Project object */;
}
