// !$*UTF8*$!
{
	archiveVersion = 1;
	classes = {
	};
	objectVersion = 46;
	objects = {

/* Begin PBXBuildFile section */
		E94865891C182D1E00885996 /* libAMoAd.a in Frameworks */ = {isa = PBXBuildFile; fileRef = E94865881C182D1E00885996 /* libAMoAd.a */; };
		E948658B1C182D6500885996 /* AdSupport.framework in Frameworks */ = {isa = PBXBuildFile; fileRef = E948658A1C182D6500885996 /* AdSupport.framework */; };
		E948658D1C182D6E00885996 /* ImageIO.framework in Frameworks */ = {isa = PBXBuildFile; fileRef = E948658C1C182D6E00885996 /* ImageIO.framework */; };
		E948658F1C18415400885996 /* index.html in Resources */ = {isa = PBXBuildFile; fileRef = E948658E1C18415400885996 /* index.html */; };
		E9C7A8831CEDC05A0013B308 /* StoreKit.framework in Frameworks */ = {isa = PBXBuildFile; fileRef = E9C7A8821CEDC05A0013B308 /* StoreKit.framework */; };
		E9C7A8851CEDC0680013B308 /* AVFoundation.framework in Frameworks */ = {isa = PBXBuildFile; fileRef = E9C7A8841CEDC0680013B308 /* AVFoundation.framework */; };
		E9C7A8871CEDC06F0013B308 /* CoreMedia.framework in Frameworks */ = {isa = PBXBuildFile; fileRef = E9C7A8861CEDC06F0013B308 /* CoreMedia.framework */; };
		E9E8A8311C181EF800F60B12 /* main.m in Sources */ = {isa = PBXBuildFile; fileRef = E9E8A8301C181EF800F60B12 /* main.m */; };
		E9E8A8341C181EF800F60B12 /* AppDelegate.m in Sources */ = {isa = PBXBuildFile; fileRef = E9E8A8331C181EF800F60B12 /* AppDelegate.m */; };
		E9E8A8371C181EF800F60B12 /* ViewController.m in Sources */ = {isa = PBXBuildFile; fileRef = E9E8A8361C181EF800F60B12 /* ViewController.m */; };
		E9E8A83A1C181EF800F60B12 /* Main.storyboard in Resources */ = {isa = PBXBuildFile; fileRef = E9E8A8381C181EF800F60B12 /* Main.storyboard */; };
		E9E8A83C1C181EF800F60B12 /* Assets.xcassets in Resources */ = {isa = PBXBuildFile; fileRef = E9E8A83B1C181EF800F60B12 /* Assets.xcassets */; };
		E9E8A83F1C181EF800F60B12 /* LaunchScreen.storyboard in Resources */ = {isa = PBXBuildFile; fileRef = E9E8A83D1C181EF800F60B12 /* LaunchScreen.storyboard */; };
/* End PBXBuildFile section */

/* Begin PBXFileReference section */
		E94865851C182D1E00885996 /* AMoAd.h */ = {isa = PBXFileReference; fileEncoding = 4; lastKnownFileType = sourcecode.c.h; name = AMoAd.h; path = AMoAdSdk/AMoAd.h; sourceTree = "<group>"; };
		E94865861C182D1E00885996 /* AMoAdLogger.h */ = {isa = PBXFileReference; fileEncoding = 4; lastKnownFileType = sourcecode.c.h; name = AMoAdLogger.h; path = AMoAdSdk/AMoAdLogger.h; sourceTree = "<group>"; };
		E94865871C182D1E00885996 /* AMoAdWeb.h */ = {isa = PBXFileReference; fileEncoding = 4; lastKnownFileType = sourcecode.c.h; name = AMoAdWeb.h; path = AMoAdSdk/AMoAdWeb.h; sourceTree = "<group>"; };
		E94865881C182D1E00885996 /* libAMoAd.a */ = {isa = PBXFileReference; lastKnownFileType = archive.ar; name = libAMoAd.a; path = AMoAdSdk/libAMoAd.a; sourceTree = "<group>"; };
		E948658A1C182D6500885996 /* AdSupport.framework */ = {isa = PBXFileReference; lastKnownFileType = wrapper.framework; name = AdSupport.framework; path = System/Library/Frameworks/AdSupport.framework; sourceTree = SDKROOT; };
		E948658C1C182D6E00885996 /* ImageIO.framework */ = {isa = PBXFileReference; lastKnownFileType = wrapper.framework; name = ImageIO.framework; path = System/Library/Frameworks/ImageIO.framework; sourceTree = SDKROOT; };
		E948658E1C18415400885996 /* index.html */ = {isa = PBXFileReference; fileEncoding = 4; lastKnownFileType = text.html; path = index.html; sourceTree = "<group>"; };
		E9C7A8821CEDC05A0013B308 /* StoreKit.framework */ = {isa = PBXFileReference; lastKnownFileType = wrapper.framework; name = StoreKit.framework; path = System/Library/Frameworks/StoreKit.framework; sourceTree = SDKROOT; };
		E9C7A8841CEDC0680013B308 /* AVFoundation.framework */ = {isa = PBXFileReference; lastKnownFileType = wrapper.framework; name = AVFoundation.framework; path = System/Library/Frameworks/AVFoundation.framework; sourceTree = SDKROOT; };
		E9C7A8861CEDC06F0013B308 /* CoreMedia.framework */ = {isa = PBXFileReference; lastKnownFileType = wrapper.framework; name = CoreMedia.framework; path = System/Library/Frameworks/CoreMedia.framework; sourceTree = SDKROOT; };
		E9E8A82C1C181EF800F60B12 /* AMoAdWebViewSample.app */ = {isa = PBXFileReference; explicitFileType = wrapper.application; includeInIndex = 0; path = AMoAdWebViewSample.app; sourceTree = BUILT_PRODUCTS_DIR; };
		E9E8A8301C181EF800F60B12 /* main.m */ = {isa = PBXFileReference; lastKnownFileType = sourcecode.c.objc; path = main.m; sourceTree = "<group>"; };
		E9E8A8321C181EF800F60B12 /* AppDelegate.h */ = {isa = PBXFileReference; lastKnownFileType = sourcecode.c.h; path = AppDelegate.h; sourceTree = "<group>"; };
		E9E8A8331C181EF800F60B12 /* AppDelegate.m */ = {isa = PBXFileReference; lastKnownFileType = sourcecode.c.objc; path = AppDelegate.m; sourceTree = "<group>"; };
		E9E8A8351C181EF800F60B12 /* ViewController.h */ = {isa = PBXFileReference; lastKnownFileType = sourcecode.c.h; path = ViewController.h; sourceTree = "<group>"; };
		E9E8A8361C181EF800F60B12 /* ViewController.m */ = {isa = PBXFileReference; lastKnownFileType = sourcecode.c.objc; path = ViewController.m; sourceTree = "<group>"; };
		E9E8A8391C181EF800F60B12 /* Base */ = {isa = PBXFileReference; lastKnownFileType = file.storyboard; name = Base; path = Base.lproj/Main.storyboard; sourceTree = "<group>"; };
		E9E8A83B1C181EF800F60B12 /* Assets.xcassets */ = {isa = PBXFileReference; explicitFileType = wrapper.htmld; path = Assets.xcassets; sourceTree = "<group>"; };
		E9E8A83E1C181EF800F60B12 /* Base */ = {isa = PBXFileReference; lastKnownFileType = file.storyboard; name = Base; path = Base.lproj/LaunchScreen.storyboard; sourceTree = "<group>"; };
		E9E8A8401C181EF800F60B12 /* Info.plist */ = {isa = PBXFileReference; lastKnownFileType = text.plist.xml; path = Info.plist; sourceTree = "<group>"; };
/* End PBXFileReference section */

/* Begin PBXFrameworksBuildPhase section */
		E9E8A8291C181EF800F60B12 /* Frameworks */ = {
			isa = PBXFrameworksBuildPhase;
			buildActionMask = 2147483647;
			files = (
				E9C7A8871CEDC06F0013B308 /* CoreMedia.framework in Frameworks */,
				E9C7A8851CEDC0680013B308 /* AVFoundation.framework in Frameworks */,
				E9C7A8831CEDC05A0013B308 /* StoreKit.framework in Frameworks */,
				E948658D1C182D6E00885996 /* ImageIO.framework in Frameworks */,
				E948658B1C182D6500885996 /* AdSupport.framework in Frameworks */,
				E94865891C182D1E00885996 /* libAMoAd.a in Frameworks */,
			);
			runOnlyForDeploymentPostprocessing = 0;
		};
/* End PBXFrameworksBuildPhase section */

/* Begin PBXGroup section */
		E94865841C182D0900885996 /* AMoAdSdk */ = {
			isa = PBXGroup;
			children = (
				E94865851C182D1E00885996 /* AMoAd.h */,
				E94865861C182D1E00885996 /* AMoAdLogger.h */,
				E94865871C182D1E00885996 /* AMoAdWeb.h */,
				E94865881C182D1E00885996 /* libAMoAd.a */,
			);
			name = AMoAdSdk;
			sourceTree = "<group>";
		};
		E9E8A8231C181EF800F60B12 = {
			isa = PBXGroup;
			children = (
				E9C7A8861CEDC06F0013B308 /* CoreMedia.framework */,
				E9C7A8841CEDC0680013B308 /* AVFoundation.framework */,
				E9C7A8821CEDC05A0013B308 /* StoreKit.framework */,
				E948658C1C182D6E00885996 /* ImageIO.framework */,
				E948658A1C182D6500885996 /* AdSupport.framework */,
				E9E8A82E1C181EF800F60B12 /* AMoAdWebViewSample */,
				E9E8A82D1C181EF800F60B12 /* Products */,
			);
			sourceTree = "<group>";
		};
		E9E8A82D1C181EF800F60B12 /* Products */ = {
			isa = PBXGroup;
			children = (
				E9E8A82C1C181EF800F60B12 /* AMoAdWebViewSample.app */,
			);
			name = Products;
			sourceTree = "<group>";
		};
		E9E8A82E1C181EF800F60B12 /* AMoAdWebViewSample */ = {
			isa = PBXGroup;
			children = (
				E94865841C182D0900885996 /* AMoAdSdk */,
				E9E8A8321C181EF800F60B12 /* AppDelegate.h */,
				E9E8A8331C181EF800F60B12 /* AppDelegate.m */,
				E9E8A8351C181EF800F60B12 /* ViewController.h */,
				E9E8A8361C181EF800F60B12 /* ViewController.m */,
				E9E8A8381C181EF800F60B12 /* Main.storyboard */,
				E9E8A83B1C181EF800F60B12 /* Assets.xcassets */,
				E9E8A83D1C181EF800F60B12 /* LaunchScreen.storyboard */,
				E9E8A8401C181EF800F60B12 /* Info.plist */,
				E9E8A82F1C181EF800F60B12 /* Supporting Files */,
				E948658E1C18415400885996 /* index.html */,
			);
			path = AMoAdWebViewSample;
			sourceTree = "<group>";
		};
		E9E8A82F1C181EF800F60B12 /* Supporting Files */ = {
			isa = PBXGroup;
			children = (
				E9E8A8301C181EF800F60B12 /* main.m */,
			);
			name = "Supporting Files";
			sourceTree = "<group>";
		};
/* End PBXGroup section */

/* Begin PBXNativeTarget section */
		E9E8A82B1C181EF800F60B12 /* AMoAdWebViewSample */ = {
			isa = PBXNativeTarget;
			buildConfigurationList = E9E8A8431C181EF800F60B12 /* Build configuration list for PBXNativeTarget "AMoAdWebViewSample" */;
			buildPhases = (
				E9E8A8281C181EF800F60B12 /* Sources */,
				E9E8A8291C181EF800F60B12 /* Frameworks */,
				E9E8A82A1C181EF800F60B12 /* Resources */,
			);
			buildRules = (
			);
			dependencies = (
			);
			name = AMoAdWebViewSample;
			productName = AMoAdWebViewSample;
			productReference = E9E8A82C1C181EF800F60B12 /* AMoAdWebViewSample.app */;
			productType = "com.apple.product-type.application";
		};
/* End PBXNativeTarget section */

/* Begin PBXProject section */
		E9E8A8241C181EF800F60B12 /* Project object */ = {
			isa = PBXProject;
			attributes = {
				LastUpgradeCheck = 0720;
				ORGANIZATIONNAME = AMoAd;
				TargetAttributes = {
					E9E8A82B1C181EF800F60B12 = {
						CreatedOnToolsVersion = 7.2;
						DevelopmentTeam = R483GUQ2NF;
					};
				};
			};
			buildConfigurationList = E9E8A8271C181EF800F60B12 /* Build configuration list for PBXProject "AMoAdWebViewSample" */;
			compatibilityVersion = "Xcode 3.2";
			developmentRegion = English;
			hasScannedForEncodings = 0;
			knownRegions = (
				en,
				Base,
			);
			mainGroup = E9E8A8231C181EF800F60B12;
			productRefGroup = E9E8A82D1C181EF800F60B12 /* Products */;
			projectDirPath = "";
			projectRoot = "";
			targets = (
				E9E8A82B1C181EF800F60B12 /* AMoAdWebViewSample */,
			);
		};
/* End PBXProject section */

/* Begin PBXResourcesBuildPhase section */
		E9E8A82A1C181EF800F60B12 /* Resources */ = {
			isa = PBXResourcesBuildPhase;
			buildActionMask = 2147483647;
			files = (
				E9E8A83F1C181EF800F60B12 /* LaunchScreen.storyboard in Resources */,
				E948658F1C18415400885996 /* index.html in Resources */,
				E9E8A83C1C181EF800F60B12 /* Assets.xcassets in Resources */,
				E9E8A83A1C181EF800F60B12 /* Main.storyboard in Resources */,
			);
			runOnlyForDeploymentPostprocessing = 0;
		};
/* End PBXResourcesBuildPhase section */

/* Begin PBXSourcesBuildPhase section */
		E9E8A8281C181EF800F60B12 /* Sources */ = {
			isa = PBXSourcesBuildPhase;
			buildActionMask = 2147483647;
			files = (
				E9E8A8371C181EF800F60B12 /* ViewController.m in Sources */,
				E9E8A8341C181EF800F60B12 /* AppDelegate.m in Sources */,
				E9E8A8311C181EF800F60B12 /* main.m in Sources */,
			);
			runOnlyForDeploymentPostprocessing = 0;
		};
/* End PBXSourcesBuildPhase section */

/* Begin PBXVariantGroup section */
		E9E8A8381C181EF800F60B12 /* Main.storyboard */ = {
			isa = PBXVariantGroup;
			children = (
				E9E8A8391C181EF800F60B12 /* Base */,
			);
			name = Main.storyboard;
			sourceTree = "<group>";
		};
		E9E8A83D1C181EF800F60B12 /* LaunchScreen.storyboard */ = {
			isa = PBXVariantGroup;
			children = (
				E9E8A83E1C181EF800F60B12 /* Base */,
			);
			name = LaunchScreen.storyboard;
			sourceTree = "<group>";
		};
/* End PBXVariantGroup section */

/* Begin XCBuildConfiguration section */
		E9E8A8411C181EF800F60B12 /* Debug */ = {
			isa = XCBuildConfiguration;
			buildSettings = {
				ALWAYS_SEARCH_USER_PATHS = NO;
				CLANG_CXX_LANGUAGE_STANDARD = "gnu++0x";
				CLANG_CXX_LIBRARY = "libc++";
				CLANG_ENABLE_MODULES = YES;
				CLANG_ENABLE_OBJC_ARC = YES;
				CLANG_WARN_BOOL_CONVERSION = YES;
				CLANG_WARN_CONSTANT_CONVERSION = YES;
				CLANG_WARN_DIRECT_OBJC_ISA_USAGE = YES_ERROR;
				CLANG_WARN_EMPTY_BODY = YES;
				CLANG_WARN_ENUM_CONVERSION = YES;
				CLANG_WARN_INT_CONVERSION = YES;
				CLANG_WARN_OBJC_ROOT_CLASS = YES_ERROR;
				CLANG_WARN_UNREACHABLE_CODE = YES;
				CLANG_WARN__DUPLICATE_METHOD_MATCH = YES;
				"CODE_SIGN_IDENTITY[sdk=iphoneos*]" = "iPhone Developer";
				COPY_PHASE_STRIP = NO;
				DEBUG_INFORMATION_FORMAT = dwarf;
				ENABLE_STRICT_OBJC_MSGSEND = YES;
				ENABLE_TESTABILITY = YES;
				GCC_C_LANGUAGE_STANDARD = gnu99;
				GCC_DYNAMIC_NO_PIC = NO;
				GCC_NO_COMMON_BLOCKS = YES;
				GCC_OPTIMIZATION_LEVEL = 0;
				GCC_PREPROCESSOR_DEFINITIONS = (
					"DEBUG=1",
					"$(inherited)",
				);
				GCC_WARN_64_TO_32_BIT_CONVERSION = YES;
				GCC_WARN_ABOUT_RETURN_TYPE = YES_ERROR;
				GCC_WARN_UNDECLARED_SELECTOR = YES;
				GCC_WARN_UNINITIALIZED_AUTOS = YES_AGGRESSIVE;
				GCC_WARN_UNUSED_FUNCTION = YES;
				GCC_WARN_UNUSED_VARIABLE = YES;
				IPHONEOS_DEPLOYMENT_TARGET = 6.0;
				MTL_ENABLE_DEBUG_INFO = YES;
				ONLY_ACTIVE_ARCH = YES;
				SDKROOT = iphoneos;
				TARGETED_DEVICE_FAMILY = "1,2";
			};
			name = Debug;
		};
		E9E8A8421C181EF800F60B12 /* Release */ = {
			isa = XCBuildConfiguration;
			buildSettings = {
				ALWAYS_SEARCH_USER_PATHS = NO;
				CLANG_CXX_LANGUAGE_STANDARD = "gnu++0x";
				CLANG_CXX_LIBRARY = "libc++";
				CLANG_ENABLE_MODULES = YES;
				CLANG_ENABLE_OBJC_ARC = YES;
				CLANG_WARN_BOOL_CONVERSION = YES;
				CLANG_WARN_CONSTANT_CONVERSION = YES;
				CLANG_WARN_DIRECT_OBJC_ISA_USAGE = YES_ERROR;
				CLANG_WARN_EMPTY_BODY = YES;
				CLANG_WARN_ENUM_CONVERSION = YES;
				CLANG_WARN_INT_CONVERSION = YES;
				CLANG_WARN_OBJC_ROOT_CLASS = YES_ERROR;
				CLANG_WARN_UNREACHABLE_CODE = YES;
				CLANG_WARN__DUPLICATE_METHOD_MATCH = YES;
				"CODE_SIGN_IDENTITY[sdk=iphoneos*]" = "iPhone Developer";
				COPY_PHASE_STRIP = NO;
				DEBUG_INFORMATION_FORMAT = "dwarf-with-dsym";
				ENABLE_NS_ASSERTIONS = NO;
				ENABLE_STRICT_OBJC_MSGSEND = YES;
				GCC_C_LANGUAGE_STANDARD = gnu99;
				GCC_NO_COMMON_BLOCKS = YES;
				GCC_WARN_64_TO_32_BIT_CONVERSION = YES;
				GCC_WARN_ABOUT_RETURN_TYPE = YES_ERROR;
				GCC_WARN_UNDECLARED_SELECTOR = YES;
				GCC_WARN_UNINITIALIZED_AUTOS = YES_AGGRESSIVE;
				GCC_WARN_UNUSED_FUNCTION = YES;
				GCC_WARN_UNUSED_VARIABLE = YES;
				IPHONEOS_DEPLOYMENT_TARGET = 6.0;
				MTL_ENABLE_DEBUG_INFO = NO;
				SDKROOT = iphoneos;
				TARGETED_DEVICE_FAMILY = "1,2";
				VALIDATE_PRODUCT = YES;
			};
			name = Release;
		};
		E9E8A8441C181EF800F60B12 /* Debug */ = {
			isa = XCBuildConfiguration;
			buildSettings = {
				ASSETCATALOG_COMPILER_APPICON_NAME = AppIcon;
				ASSETCATALOG_COMPILER_LAUNCHIMAGE_NAME = "Brand Assets";
				CODE_SIGN_IDENTITY = "iPhone Developer";
				INFOPLIST_FILE = AMoAdWebViewSample/Info.plist;
				LD_RUNPATH_SEARCH_PATHS = "$(inherited) @executable_path/Frameworks";
				LIBRARY_SEARCH_PATHS = (
					"$(inherited)",
					"$(PROJECT_DIR)/AMoAdWebViewSample/AMoAdSdk",
				);
				PRODUCT_BUNDLE_IDENTIFIER = com.amoad.sample.AMoAdWebViewSample;
				PRODUCT_NAME = "$(TARGET_NAME)";
			};
			name = Debug;
		};
		E9E8A8451C181EF800F60B12 /* Release */ = {
			isa = XCBuildConfiguration;
			buildSettings = {
				ASSETCATALOG_COMPILER_APPICON_NAME = AppIcon;
				ASSETCATALOG_COMPILER_LAUNCHIMAGE_NAME = "Brand Assets";
				CODE_SIGN_IDENTITY = "iPhone Developer";
				INFOPLIST_FILE = AMoAdWebViewSample/Info.plist;
				LD_RUNPATH_SEARCH_PATHS = "$(inherited) @executable_path/Frameworks";
				LIBRARY_SEARCH_PATHS = (
					"$(inherited)",
					"$(PROJECT_DIR)/AMoAdWebViewSample/AMoAdSdk",
				);
				PRODUCT_BUNDLE_IDENTIFIER = com.amoad.sample.AMoAdWebViewSample;
				PRODUCT_NAME = "$(TARGET_NAME)";
			};
			name = Release;
		};
/* End XCBuildConfiguration section */

/* Begin XCConfigurationList section */
		E9E8A8271C181EF800F60B12 /* Build configuration list for PBXProject "AMoAdWebViewSample" */ = {
			isa = XCConfigurationList;
			buildConfigurations = (
				E9E8A8411C181EF800F60B12 /* Debug */,
				E9E8A8421C181EF800F60B12 /* Release */,
			);
			defaultConfigurationIsVisible = 0;
			defaultConfigurationName = Release;
		};
		E9E8A8431C181EF800F60B12 /* Build configuration list for PBXNativeTarget "AMoAdWebViewSample" */ = {
			isa = XCConfigurationList;
			buildConfigurations = (
				E9E8A8441C181EF800F60B12 /* Debug */,
				E9E8A8451C181EF800F60B12 /* Release */,
			);
			defaultConfigurationIsVisible = 0;
			defaultConfigurationName = Release;
		};
/* End XCConfigurationList section */
	};
	rootObject = E9E8A8241C181EF800F60B12 /* Project object */;
}
