// !$*UTF8*$!
{
	archiveVersion = 1;
	classes = {
	};
	objectVersion = 46;
	objects = {

/* Begin PBXBuildFile section */
		E91D4F111A8208EE00D36190 /* main.m in Sources */ = {isa = PBXBuildFile; fileRef = E91D4F101A8208EE00D36190 /* main.m */; };
		E91D4F141A8208EE00D36190 /* AppDelegate.m in Sources */ = {isa = PBXBuildFile; fileRef = E91D4F131A8208EE00D36190 /* AppDelegate.m */; };
		E91D4F171A8208EE00D36190 /* ViewController.m in Sources */ = {isa = PBXBuildFile; fileRef = E91D4F161A8208EE00D36190 /* ViewController.m */; };
		E91D4F1A1A8208EE00D36190 /* Main.storyboard in Resources */ = {isa = PBXBuildFile; fileRef = E91D4F181A8208EE00D36190 /* Main.storyboard */; };
		E91D4F1C1A8208EE00D36190 /* Images.xcassets in Resources */ = {isa = PBXBuildFile; fileRef = E91D4F1B1A8208EE00D36190 /* Images.xcassets */; };
		E91D4F1F1A8208EE00D36190 /* LaunchScreen.xib in Resources */ = {isa = PBXBuildFile; fileRef = E91D4F1D1A8208EE00D36190 /* LaunchScreen.xib */; };
		E91D4F2B1A8208EE00D36190 /* AMoAdNativeListViewImageTextTests.m in Sources */ = {isa = PBXBuildFile; fileRef = E91D4F2A1A8208EE00D36190 /* AMoAdNativeListViewImageTextTests.m */; };
		E91D4F381A8209B100D36190 /* libAMoAd.a in Frameworks */ = {isa = PBXBuildFile; fileRef = E91D4F371A8209B100D36190 /* libAMoAd.a */; };
		E91D4F3A1A8209C100D36190 /* AdSupport.framework in Frameworks */ = {isa = PBXBuildFile; fileRef = E91D4F391A8209C100D36190 /* AdSupport.framework */; };
		E91D4F3C1A8209C800D36190 /* ImageIO.framework in Frameworks */ = {isa = PBXBuildFile; fileRef = E91D4F3B1A8209C800D36190 /* ImageIO.framework */; };
		E91D4F3F1A820B0700D36190 /* UserTableViewCell.xib in Resources */ = {isa = PBXBuildFile; fileRef = E91D4F3D1A820B0700D36190 /* UserTableViewCell.xib */; };
		E91D4F401A820B0700D36190 /* AdImageTextTableViewCell.xib in Resources */ = {isa = PBXBuildFile; fileRef = E91D4F3E1A820B0700D36190 /* AdImageTextTableViewCell.xib */; };
		E9AEE82E1AC55A5500D74AD0 /* StoreKit.framework in Frameworks */ = {isa = PBXBuildFile; fileRef = E9AEE82D1AC55A5500D74AD0 /* StoreKit.framework */; };
/* End PBXBuildFile section */

/* Begin PBXContainerItemProxy section */
		E91D4F251A8208EE00D36190 /* PBXContainerItemProxy */ = {
			isa = PBXContainerItemProxy;
			containerPortal = E91D4F031A8208EE00D36190 /* Project object */;
			proxyType = 1;
			remoteGlobalIDString = E91D4F0A1A8208EE00D36190;
			remoteInfo = AMoAdNativeListViewImageText;
		};
/* End PBXContainerItemProxy section */

/* Begin PBXFileReference section */
		E91D4F0B1A8208EE00D36190 /* AMoAdNativeListViewImageText.app */ = {isa = PBXFileReference; explicitFileType = wrapper.application; includeInIndex = 0; path = AMoAdNativeListViewImageText.app; sourceTree = BUILT_PRODUCTS_DIR; };
		E91D4F0F1A8208EE00D36190 /* Info.plist */ = {isa = PBXFileReference; lastKnownFileType = text.plist.xml; path = Info.plist; sourceTree = "<group>"; };
		E91D4F101A8208EE00D36190 /* main.m */ = {isa = PBXFileReference; lastKnownFileType = sourcecode.c.objc; path = main.m; sourceTree = "<group>"; };
		E91D4F121A8208EE00D36190 /* AppDelegate.h */ = {isa = PBXFileReference; lastKnownFileType = sourcecode.c.h; path = AppDelegate.h; sourceTree = "<group>"; };
		E91D4F131A8208EE00D36190 /* AppDelegate.m */ = {isa = PBXFileReference; lastKnownFileType = sourcecode.c.objc; path = AppDelegate.m; sourceTree = "<group>"; };
		E91D4F151A8208EE00D36190 /* ViewController.h */ = {isa = PBXFileReference; lastKnownFileType = sourcecode.c.h; path = ViewController.h; sourceTree = "<group>"; };
		E91D4F161A8208EE00D36190 /* ViewController.m */ = {isa = PBXFileReference; lastKnownFileType = sourcecode.c.objc; path = ViewController.m; sourceTree = "<group>"; };
		E91D4F191A8208EE00D36190 /* Base */ = {isa = PBXFileReference; lastKnownFileType = file.storyboard; name = Base; path = Base.lproj/Main.storyboard; sourceTree = "<group>"; };
		E91D4F1B1A8208EE00D36190 /* Images.xcassets */ = {isa = PBXFileReference; lastKnownFileType = folder.assetcatalog; path = Images.xcassets; sourceTree = "<group>"; };
		E91D4F1E1A8208EE00D36190 /* Base */ = {isa = PBXFileReference; lastKnownFileType = file.xib; name = Base; path = Base.lproj/LaunchScreen.xib; sourceTree = "<group>"; };
		E91D4F241A8208EE00D36190 /* AMoAdNativeListViewImageTextTests.xctest */ = {isa = PBXFileReference; explicitFileType = wrapper.cfbundle; includeInIndex = 0; path = AMoAdNativeListViewImageTextTests.xctest; sourceTree = BUILT_PRODUCTS_DIR; };
		E91D4F291A8208EE00D36190 /* Info.plist */ = {isa = PBXFileReference; lastKnownFileType = text.plist.xml; path = Info.plist; sourceTree = "<group>"; };
		E91D4F2A1A8208EE00D36190 /* AMoAdNativeListViewImageTextTests.m */ = {isa = PBXFileReference; lastKnownFileType = sourcecode.c.objc; path = AMoAdNativeListViewImageTextTests.m; sourceTree = "<group>"; };
		E91D4F351A8209B100D36190 /* AMoAdLogger.h */ = {isa = PBXFileReference; fileEncoding = 4; lastKnownFileType = sourcecode.c.h; name = AMoAdLogger.h; path = AMoAdSdk/AMoAdLogger.h; sourceTree = "<group>"; };
		E91D4F361A8209B100D36190 /* AMoAdNativeView.h */ = {isa = PBXFileReference; fileEncoding = 4; lastKnownFileType = sourcecode.c.h; name = AMoAdNativeView.h; path = AMoAdSdk/AMoAdNativeView.h; sourceTree = "<group>"; };
		E91D4F371A8209B100D36190 /* libAMoAd.a */ = {isa = PBXFileReference; lastKnownFileType = archive.ar; name = libAMoAd.a; path = AMoAdSdk/libAMoAd.a; sourceTree = "<group>"; };
		E91D4F391A8209C100D36190 /* AdSupport.framework */ = {isa = PBXFileReference; lastKnownFileType = wrapper.framework; name = AdSupport.framework; path = System/Library/Frameworks/AdSupport.framework; sourceTree = SDKROOT; };
		E91D4F3B1A8209C800D36190 /* ImageIO.framework */ = {isa = PBXFileReference; lastKnownFileType = wrapper.framework; name = ImageIO.framework; path = System/Library/Frameworks/ImageIO.framework; sourceTree = SDKROOT; };
		E91D4F3D1A820B0700D36190 /* UserTableViewCell.xib */ = {isa = PBXFileReference; fileEncoding = 4; lastKnownFileType = file.xib; path = UserTableViewCell.xib; sourceTree = "<group>"; };
		E91D4F3E1A820B0700D36190 /* AdImageTextTableViewCell.xib */ = {isa = PBXFileReference; fileEncoding = 4; lastKnownFileType = file.xib; path = AdImageTextTableViewCell.xib; sourceTree = "<group>"; };
		E9AEE82D1AC55A5500D74AD0 /* StoreKit.framework */ = {isa = PBXFileReference; lastKnownFileType = wrapper.framework; name = StoreKit.framework; path = System/Library/Frameworks/StoreKit.framework; sourceTree = SDKROOT; };
/* End PBXFileReference section */

/* Begin PBXFrameworksBuildPhase section */
		E91D4F081A8208EE00D36190 /* Frameworks */ = {
			isa = PBXFrameworksBuildPhase;
			buildActionMask = 2147483647;
			files = (
				E9AEE82E1AC55A5500D74AD0 /* StoreKit.framework in Frameworks */,
				E91D4F3C1A8209C800D36190 /* ImageIO.framework in Frameworks */,
				E91D4F3A1A8209C100D36190 /* AdSupport.framework in Frameworks */,
				E91D4F381A8209B100D36190 /* libAMoAd.a in Frameworks */,
			);
			runOnlyForDeploymentPostprocessing = 0;
		};
		E91D4F211A8208EE00D36190 /* Frameworks */ = {
			isa = PBXFrameworksBuildPhase;
			buildActionMask = 2147483647;
			files = (
			);
			runOnlyForDeploymentPostprocessing = 0;
		};
/* End PBXFrameworksBuildPhase section */

/* Begin PBXGroup section */
		E91D4F021A8208EE00D36190 = {
			isa = PBXGroup;
			children = (
				E9AEE82D1AC55A5500D74AD0 /* StoreKit.framework */,
				E91D4F3B1A8209C800D36190 /* ImageIO.framework */,
				E91D4F391A8209C100D36190 /* AdSupport.framework */,
				E91D4F0D1A8208EE00D36190 /* AMoAdNativeListViewImageText */,
				E91D4F271A8208EE00D36190 /* AMoAdNativeListViewImageTextTests */,
				E91D4F0C1A8208EE00D36190 /* Products */,
			);
			sourceTree = "<group>";
		};
		E91D4F0C1A8208EE00D36190 /* Products */ = {
			isa = PBXGroup;
			children = (
				E91D4F0B1A8208EE00D36190 /* AMoAdNativeListViewImageText.app */,
				E91D4F241A8208EE00D36190 /* AMoAdNativeListViewImageTextTests.xctest */,
			);
			name = Products;
			sourceTree = "<group>";
		};
		E91D4F0D1A8208EE00D36190 /* AMoAdNativeListViewImageText */ = {
			isa = PBXGroup;
			children = (
				E91D4F3D1A820B0700D36190 /* UserTableViewCell.xib */,
				E91D4F3E1A820B0700D36190 /* AdImageTextTableViewCell.xib */,
				E91D4F341A82097800D36190 /* AMoAdSdk */,
				E91D4F121A8208EE00D36190 /* AppDelegate.h */,
				E91D4F131A8208EE00D36190 /* AppDelegate.m */,
				E91D4F151A8208EE00D36190 /* ViewController.h */,
				E91D4F161A8208EE00D36190 /* ViewController.m */,
				E91D4F181A8208EE00D36190 /* Main.storyboard */,
				E91D4F1B1A8208EE00D36190 /* Images.xcassets */,
				E91D4F1D1A8208EE00D36190 /* LaunchScreen.xib */,
				E91D4F0E1A8208EE00D36190 /* Supporting Files */,
			);
			path = AMoAdNativeListViewImageText;
			sourceTree = "<group>";
		};
		E91D4F0E1A8208EE00D36190 /* Supporting Files */ = {
			isa = PBXGroup;
			children = (
				E91D4F0F1A8208EE00D36190 /* Info.plist */,
				E91D4F101A8208EE00D36190 /* main.m */,
			);
			name = "Supporting Files";
			sourceTree = "<group>";
		};
		E91D4F271A8208EE00D36190 /* AMoAdNativeListViewImageTextTests */ = {
			isa = PBXGroup;
			children = (
				E91D4F2A1A8208EE00D36190 /* AMoAdNativeListViewImageTextTests.m */,
				E91D4F281A8208EE00D36190 /* Supporting Files */,
			);
			path = AMoAdNativeListViewImageTextTests;
			sourceTree = "<group>";
		};
		E91D4F281A8208EE00D36190 /* Supporting Files */ = {
			isa = PBXGroup;
			children = (
				E91D4F291A8208EE00D36190 /* Info.plist */,
			);
			name = "Supporting Files";
			sourceTree = "<group>";
		};
		E91D4F341A82097800D36190 /* AMoAdSdk */ = {
			isa = PBXGroup;
			children = (
				E91D4F351A8209B100D36190 /* AMoAdLogger.h */,
				E91D4F361A8209B100D36190 /* AMoAdNativeView.h */,
				E91D4F371A8209B100D36190 /* libAMoAd.a */,
			);
			name = AMoAdSdk;
			sourceTree = "<group>";
		};
/* End PBXGroup section */

/* Begin PBXNativeTarget section */
		E91D4F0A1A8208EE00D36190 /* AMoAdNativeListViewImageText */ = {
			isa = PBXNativeTarget;
			buildConfigurationList = E91D4F2E1A8208EE00D36190 /* Build configuration list for PBXNativeTarget "AMoAdNativeListViewImageText" */;
			buildPhases = (
				E91D4F071A8208EE00D36190 /* Sources */,
				E91D4F081A8208EE00D36190 /* Frameworks */,
				E91D4F091A8208EE00D36190 /* Resources */,
			);
			buildRules = (
			);
			dependencies = (
			);
			name = AMoAdNativeListViewImageText;
			productName = AMoAdNativeListViewImageText;
			productReference = E91D4F0B1A8208EE00D36190 /* AMoAdNativeListViewImageText.app */;
			productType = "com.apple.product-type.application";
		};
		E91D4F231A8208EE00D36190 /* AMoAdNativeListViewImageTextTests */ = {
			isa = PBXNativeTarget;
			buildConfigurationList = E91D4F311A8208EE00D36190 /* Build configuration list for PBXNativeTarget "AMoAdNativeListViewImageTextTests" */;
			buildPhases = (
				E91D4F201A8208EE00D36190 /* Sources */,
				E91D4F211A8208EE00D36190 /* Frameworks */,
				E91D4F221A8208EE00D36190 /* Resources */,
			);
			buildRules = (
			);
			dependencies = (
				E91D4F261A8208EE00D36190 /* PBXTargetDependency */,
			);
			name = AMoAdNativeListViewImageTextTests;
			productName = AMoAdNativeListViewImageTextTests;
			productReference = E91D4F241A8208EE00D36190 /* AMoAdNativeListViewImageTextTests.xctest */;
			productType = "com.apple.product-type.bundle.unit-test";
		};
/* End PBXNativeTarget section */

/* Begin PBXProject section */
		E91D4F031A8208EE00D36190 /* Project object */ = {
			isa = PBXProject;
			attributes = {
				LastUpgradeCheck = 0610;
				ORGANIZATIONNAME = "AMoAd, Inc.";
				TargetAttributes = {
					E91D4F0A1A8208EE00D36190 = {
						CreatedOnToolsVersion = 6.1.1;
					};
					E91D4F231A8208EE00D36190 = {
						CreatedOnToolsVersion = 6.1.1;
						TestTargetID = E91D4F0A1A8208EE00D36190;
					};
				};
			};
			buildConfigurationList = E91D4F061A8208EE00D36190 /* Build configuration list for PBXProject "AMoAdNativeListViewImageText" */;
			compatibilityVersion = "Xcode 3.2";
			developmentRegion = English;
			hasScannedForEncodings = 0;
			knownRegions = (
				en,
				Base,
			);
			mainGroup = E91D4F021A8208EE00D36190;
			productRefGroup = E91D4F0C1A8208EE00D36190 /* Products */;
			projectDirPath = "";
			projectRoot = "";
			targets = (
				E91D4F0A1A8208EE00D36190 /* AMoAdNativeListViewImageText */,
				E91D4F231A8208EE00D36190 /* AMoAdNativeListViewImageTextTests */,
			);
		};
/* End PBXProject section */

/* Begin PBXResourcesBuildPhase section */
		E91D4F091A8208EE00D36190 /* Resources */ = {
			isa = PBXResourcesBuildPhase;
			buildActionMask = 2147483647;
			files = (
				E91D4F3F1A820B0700D36190 /* UserTableViewCell.xib in Resources */,
				E91D4F1A1A8208EE00D36190 /* Main.storyboard in Resources */,
				E91D4F401A820B0700D36190 /* AdImageTextTableViewCell.xib in Resources */,
				E91D4F1F1A8208EE00D36190 /* LaunchScreen.xib in Resources */,
				E91D4F1C1A8208EE00D36190 /* Images.xcassets in Resources */,
			);
			runOnlyForDeploymentPostprocessing = 0;
		};
		E91D4F221A8208EE00D36190 /* Resources */ = {
			isa = PBXResourcesBuildPhase;
			buildActionMask = 2147483647;
			files = (
			);
			runOnlyForDeploymentPostprocessing = 0;
		};
/* End PBXResourcesBuildPhase section */

/* Begin PBXSourcesBuildPhase section */
		E91D4F071A8208EE00D36190 /* Sources */ = {
			isa = PBXSourcesBuildPhase;
			buildActionMask = 2147483647;
			files = (
				E91D4F171A8208EE00D36190 /* ViewController.m in Sources */,
				E91D4F141A8208EE00D36190 /* AppDelegate.m in Sources */,
				E91D4F111A8208EE00D36190 /* main.m in Sources */,
			);
			runOnlyForDeploymentPostprocessing = 0;
		};
		E91D4F201A8208EE00D36190 /* Sources */ = {
			isa = PBXSourcesBuildPhase;
			buildActionMask = 2147483647;
			files = (
				E91D4F2B1A8208EE00D36190 /* AMoAdNativeListViewImageTextTests.m in Sources */,
			);
			runOnlyForDeploymentPostprocessing = 0;
		};
/* End PBXSourcesBuildPhase section */

/* Begin PBXTargetDependency section */
		E91D4F261A8208EE00D36190 /* PBXTargetDependency */ = {
			isa = PBXTargetDependency;
			target = E91D4F0A1A8208EE00D36190 /* AMoAdNativeListViewImageText */;
			targetProxy = E91D4F251A8208EE00D36190 /* PBXContainerItemProxy */;
		};
/* End PBXTargetDependency section */

/* Begin PBXVariantGroup section */
		E91D4F181A8208EE00D36190 /* Main.storyboard */ = {
			isa = PBXVariantGroup;
			children = (
				E91D4F191A8208EE00D36190 /* Base */,
			);
			name = Main.storyboard;
			sourceTree = "<group>";
		};
		E91D4F1D1A8208EE00D36190 /* LaunchScreen.xib */ = {
			isa = PBXVariantGroup;
			children = (
				E91D4F1E1A8208EE00D36190 /* Base */,
			);
			name = LaunchScreen.xib;
			sourceTree = "<group>";
		};
/* End PBXVariantGroup section */

/* Begin XCBuildConfiguration section */
		E91D4F2C1A8208EE00D36190 /* Debug */ = {
			isa = XCBuildConfiguration;
			buildSettings = {
				ALWAYS_SEARCH_USER_PATHS = NO;
				CLANG_CXX_LANGUAGE_STANDARD = "gnu++0x";
				CLANG_CXX_LIBRARY = "libc++";
				CLANG_ENABLE_MODULES = YES;
				CLANG_ENABLE_OBJC_ARC = YES;
				CLANG_WARN_BOOL_CONVERSION = YES;
				CLANG_WARN_CONSTANT_CONVERSION = YES;
				CLANG_WARN_DIRECT_OBJC_ISA_USAGE = YES_ERROR;
				CLANG_WARN_EMPTY_BODY = YES;
				CLANG_WARN_ENUM_CONVERSION = YES;
				CLANG_WARN_INT_CONVERSION = YES;
				CLANG_WARN_OBJC_ROOT_CLASS = YES_ERROR;
				CLANG_WARN_UNREACHABLE_CODE = YES;
				CLANG_WARN__DUPLICATE_METHOD_MATCH = YES;
				"CODE_SIGN_IDENTITY[sdk=iphoneos*]" = "iPhone Developer";
				COPY_PHASE_STRIP = NO;
				ENABLE_STRICT_OBJC_MSGSEND = YES;
				GCC_C_LANGUAGE_STANDARD = gnu99;
				GCC_DYNAMIC_NO_PIC = NO;
				GCC_OPTIMIZATION_LEVEL = 0;
				GCC_PREPROCESSOR_DEFINITIONS = (
					"DEBUG=1",
					"$(inherited)",
				);
				GCC_SYMBOLS_PRIVATE_EXTERN = NO;
				GCC_WARN_64_TO_32_BIT_CONVERSION = YES;
				GCC_WARN_ABOUT_RETURN_TYPE = YES_ERROR;
				GCC_WARN_UNDECLARED_SELECTOR = YES;
				GCC_WARN_UNINITIALIZED_AUTOS = YES_AGGRESSIVE;
				GCC_WARN_UNUSED_FUNCTION = YES;
				GCC_WARN_UNUSED_VARIABLE = YES;
				IPHONEOS_DEPLOYMENT_TARGET = 8.1;
				MTL_ENABLE_DEBUG_INFO = YES;
				ONLY_ACTIVE_ARCH = YES;
				SDKROOT = iphoneos;
				TARGETED_DEVICE_FAMILY = "1,2";
			};
			name = Debug;
		};
		E91D4F2D1A8208EE00D36190 /* Release */ = {
			isa = XCBuildConfiguration;
			buildSettings = {
				ALWAYS_SEARCH_USER_PATHS = NO;
				CLANG_CXX_LANGUAGE_STANDARD = "gnu++0x";
				CLANG_CXX_LIBRARY = "libc++";
				CLANG_ENABLE_MODULES = YES;
				CLANG_ENABLE_OBJC_ARC = YES;
				CLANG_WARN_BOOL_CONVERSION = YES;
				CLANG_WARN_CONSTANT_CONVERSION = YES;
				CLANG_WARN_DIRECT_OBJC_ISA_USAGE = YES_ERROR;
				CLANG_WARN_EMPTY_BODY = YES;
				CLANG_WARN_ENUM_CONVERSION = YES;
				CLANG_WARN_INT_CONVERSION = YES;
				CLANG_WARN_OBJC_ROOT_CLASS = YES_ERROR;
				CLANG_WARN_UNREACHABLE_CODE = YES;
				CLANG_WARN__DUPLICATE_METHOD_MATCH = YES;
				"CODE_SIGN_IDENTITY[sdk=iphoneos*]" = "iPhone Developer";
				COPY_PHASE_STRIP = YES;
				ENABLE_NS_ASSERTIONS = NO;
				ENABLE_STRICT_OBJC_MSGSEND = YES;
				GCC_C_LANGUAGE_STANDARD = gnu99;
				GCC_WARN_64_TO_32_BIT_CONVERSION = YES;
				GCC_WARN_ABOUT_RETURN_TYPE = YES_ERROR;
				GCC_WARN_UNDECLARED_SELECTOR = YES;
				GCC_WARN_UNINITIALIZED_AUTOS = YES_AGGRESSIVE;
				GCC_WARN_UNUSED_FUNCTION = YES;
				GCC_WARN_UNUSED_VARIABLE = YES;
				IPHONEOS_DEPLOYMENT_TARGET = 8.1;
				MTL_ENABLE_DEBUG_INFO = NO;
				SDKROOT = iphoneos;
				TARGETED_DEVICE_FAMILY = "1,2";
				VALIDATE_PRODUCT = YES;
			};
			name = Release;
		};
		E91D4F2F1A8208EE00D36190 /* Debug */ = {
			isa = XCBuildConfiguration;
			buildSettings = {
				ASSETCATALOG_COMPILER_APPICON_NAME = AppIcon;
				INFOPLIST_FILE = AMoAdNativeListViewImageText/Info.plist;
				LD_RUNPATH_SEARCH_PATHS = "$(inherited) @executable_path/Frameworks";
				LIBRARY_SEARCH_PATHS = (
					"$(inherited)",
					"$(PROJECT_DIR)/AMoAdNativeListViewImageText/AMoAdSdk",
				);
				OTHER_LDFLAGS = "-ObjC";
				PRODUCT_NAME = "$(TARGET_NAME)";
			};
			name = Debug;
		};
		E91D4F301A8208EE00D36190 /* Release */ = {
			isa = XCBuildConfiguration;
			buildSettings = {
				ASSETCATALOG_COMPILER_APPICON_NAME = AppIcon;
				INFOPLIST_FILE = AMoAdNativeListViewImageText/Info.plist;
				LD_RUNPATH_SEARCH_PATHS = "$(inherited) @executable_path/Frameworks";
				LIBRARY_SEARCH_PATHS = (
					"$(inherited)",
					"$(PROJECT_DIR)/AMoAdNativeListViewImageText/AMoAdSdk",
				);
				OTHER_LDFLAGS = "-ObjC";
				PRODUCT_NAME = "$(TARGET_NAME)";
			};
			name = Release;
		};
		E91D4F321A8208EE00D36190 /* Debug */ = {
			isa = XCBuildConfiguration;
			buildSettings = {
				BUNDLE_LOADER = "$(TEST_HOST)";
				FRAMEWORK_SEARCH_PATHS = (
					"$(SDKROOT)/Developer/Library/Frameworks",
					"$(inherited)",
				);
				GCC_PREPROCESSOR_DEFINITIONS = (
					"DEBUG=1",
					"$(inherited)",
				);
				INFOPLIST_FILE = AMoAdNativeListViewImageTextTests/Info.plist;
				LD_RUNPATH_SEARCH_PATHS = "$(inherited) @executable_path/Frameworks @loader_path/Frameworks";
				PRODUCT_NAME = "$(TARGET_NAME)";
				TEST_HOST = "$(BUILT_PRODUCTS_DIR)/AMoAdNativeListViewImageText.app/AMoAdNativeListViewImageText";
			};
			name = Debug;
		};
		E91D4F331A8208EE00D36190 /* Release */ = {
			isa = XCBuildConfiguration;
			buildSettings = {
				BUNDLE_LOADER = "$(TEST_HOST)";
				FRAMEWORK_SEARCH_PATHS = (
					"$(SDKROOT)/Developer/Library/Frameworks",
					"$(inherited)",
				);
				INFOPLIST_FILE = AMoAdNativeListViewImageTextTests/Info.plist;
				LD_RUNPATH_SEARCH_PATHS = "$(inherited) @executable_path/Frameworks @loader_path/Frameworks";
				PRODUCT_NAME = "$(TARGET_NAME)";
				TEST_HOST = "$(BUILT_PRODUCTS_DIR)/AMoAdNativeListViewImageText.app/AMoAdNativeListViewImageText";
			};
			name = Release;
		};
/* End XCBuildConfiguration section */

/* Begin XCConfigurationList section */
		E91D4F061A8208EE00D36190 /* Build configuration list for PBXProject "AMoAdNativeListViewImageText" */ = {
			isa = XCConfigurationList;
			buildConfigurations = (
				E91D4F2C1A8208EE00D36190 /* Debug */,
				E91D4F2D1A8208EE00D36190 /* Release */,
			);
			defaultConfigurationIsVisible = 0;
			defaultConfigurationName = Release;
		};
		E91D4F2E1A8208EE00D36190 /* Build configuration list for PBXNativeTarget "AMoAdNativeListViewImageText" */ = {
			isa = XCConfigurationList;
			buildConfigurations = (
				E91D4F2F1A8208EE00D36190 /* Debug */,
				E91D4F301A8208EE00D36190 /* Release */,
			);
			defaultConfigurationIsVisible = 0;
			defaultConfigurationName = Release;
		};
		E91D4F311A8208EE00D36190 /* Build configuration list for PBXNativeTarget "AMoAdNativeListViewImageTextTests" */ = {
			isa = XCConfigurationList;
			buildConfigurations = (
				E91D4F321A8208EE00D36190 /* Debug */,
				E91D4F331A8208EE00D36190 /* Release */,
			);
			defaultConfigurationIsVisible = 0;
			defaultConfigurationName = Release;
		};
/* End XCConfigurationList section */
	};
	rootObject = E91D4F031A8208EE00D36190 /* Project object */;
}
