// !$*UTF8*$!
{
	archiveVersion = 1;
	classes = {
	};
	objectVersion = 46;
	objects = {

/* Begin PBXBuildFile section */
		E9E587141AE78E5700885993 /* AdSupport.framework in Frameworks */ = {isa = PBXBuildFile; fileRef = E9E587131AE78E5700885993 /* AdSupport.framework */; };
		E9E587161AE78E5E00885993 /* ImageIO.framework in Frameworks */ = {isa = PBXBuildFile; fileRef = E9E587151AE78E5E00885993 /* ImageIO.framework */; };
		E9E5871C1AE7979D00885993 /* StoreKit.framework in Frameworks */ = {isa = PBXBuildFile; fileRef = E9E5871B1AE7979D00885993 /* StoreKit.framework */; };
		F60DE7AB1B7B2F5E0027F95F /* AdIconTextCollectionViewCell.xib in Resources */ = {isa = PBXBuildFile; fileRef = F60DE7991B7B2F5E0027F95F /* AdIconTextCollectionViewCell.xib */; };
		F60DE7AC1B7B2F5E0027F95F /* libAMoAd.a in Frameworks */ = {isa = PBXBuildFile; fileRef = F60DE79D1B7B2F5E0027F95F /* libAMoAd.a */; };
		F60DE7AD1B7B2F5E0027F95F /* AppDelegate.m in Sources */ = {isa = PBXBuildFile; fileRef = F60DE79F1B7B2F5E0027F95F /* AppDelegate.m */; };
		F60DE7AE1B7B2F5E0027F95F /* LaunchScreen.xib in Resources */ = {isa = PBXBuildFile; fileRef = F60DE7A11B7B2F5E0027F95F /* LaunchScreen.xib */; };
		F60DE7AF1B7B2F5E0027F95F /* Main.storyboard in Resources */ = {isa = PBXBuildFile; fileRef = F60DE7A31B7B2F5E0027F95F /* Main.storyboard */; };
		F60DE7B01B7B2F5E0027F95F /* Images.xcassets in Resources */ = {isa = PBXBuildFile; fileRef = F60DE7A51B7B2F5E0027F95F /* Images.xcassets */; };
		F60DE7B11B7B2F5E0027F95F /* Info.plist in Resources */ = {isa = PBXBuildFile; fileRef = F60DE7A61B7B2F5E0027F95F /* Info.plist */; };
		F60DE7B21B7B2F5E0027F95F /* main.m in Sources */ = {isa = PBXBuildFile; fileRef = F60DE7A71B7B2F5E0027F95F /* main.m */; };
		F60DE7B31B7B2F5E0027F95F /* UserCollectionViewCell.xib in Resources */ = {isa = PBXBuildFile; fileRef = F60DE7A81B7B2F5E0027F95F /* UserCollectionViewCell.xib */; };
		F60DE7B41B7B2F5E0027F95F /* ViewController.m in Sources */ = {isa = PBXBuildFile; fileRef = F60DE7AA1B7B2F5E0027F95F /* ViewController.m */; };
/* End PBXBuildFile section */

/* Begin PBXFileReference section */
		E9E586E31AE78DF200885993 /* AMoAdNativeCollectionViewIconText.app */ = {isa = PBXFileReference; explicitFileType = wrapper.application; includeInIndex = 0; path = AMoAdNativeCollectionViewIconText.app; sourceTree = BUILT_PRODUCTS_DIR; };
		E9E587131AE78E5700885993 /* AdSupport.framework */ = {isa = PBXFileReference; lastKnownFileType = wrapper.framework; name = AdSupport.framework; path = System/Library/Frameworks/AdSupport.framework; sourceTree = SDKROOT; };
		E9E587151AE78E5E00885993 /* ImageIO.framework */ = {isa = PBXFileReference; lastKnownFileType = wrapper.framework; name = ImageIO.framework; path = System/Library/Frameworks/ImageIO.framework; sourceTree = SDKROOT; };
		E9E5871B1AE7979D00885993 /* StoreKit.framework */ = {isa = PBXFileReference; lastKnownFileType = wrapper.framework; name = StoreKit.framework; path = System/Library/Frameworks/StoreKit.framework; sourceTree = SDKROOT; };
		F60DE7991B7B2F5E0027F95F /* AdIconTextCollectionViewCell.xib */ = {isa = PBXFileReference; fileEncoding = 4; lastKnownFileType = file.xib; name = AdIconTextCollectionViewCell.xib; path = AMoAdNativeCollectionViewIconText/AdIconTextCollectionViewCell.xib; sourceTree = SOURCE_ROOT; };
		F60DE79B1B7B2F5E0027F95F /* AMoAdLogger.h */ = {isa = PBXFileReference; fileEncoding = 4; lastKnownFileType = sourcecode.c.h; path = AMoAdLogger.h; sourceTree = "<group>"; };
		F60DE79C1B7B2F5E0027F95F /* AMoAdNativeView.h */ = {isa = PBXFileReference; fileEncoding = 4; lastKnownFileType = sourcecode.c.h; path = AMoAdNativeView.h; sourceTree = "<group>"; };
		F60DE79D1B7B2F5E0027F95F /* libAMoAd.a */ = {isa = PBXFileReference; lastKnownFileType = archive.ar; path = libAMoAd.a; sourceTree = "<group>"; };
		F60DE79E1B7B2F5E0027F95F /* AppDelegate.h */ = {isa = PBXFileReference; fileEncoding = 4; lastKnownFileType = sourcecode.c.h; name = AppDelegate.h; path = AMoAdNativeCollectionViewIconText/AppDelegate.h; sourceTree = SOURCE_ROOT; };
		F60DE79F1B7B2F5E0027F95F /* AppDelegate.m */ = {isa = PBXFileReference; fileEncoding = 4; lastKnownFileType = sourcecode.c.objc; name = AppDelegate.m; path = AMoAdNativeCollectionViewIconText/AppDelegate.m; sourceTree = SOURCE_ROOT; };
		F60DE7A21B7B2F5E0027F95F /* Base */ = {isa = PBXFileReference; lastKnownFileType = file.xib; name = Base; path = LaunchScreen.xib; sourceTree = "<group>"; };
		F60DE7A41B7B2F5E0027F95F /* Base */ = {isa = PBXFileReference; lastKnownFileType = file.storyboard; name = Base; path = Main.storyboard; sourceTree = "<group>"; };
		F60DE7A51B7B2F5E0027F95F /* Images.xcassets */ = {isa = PBXFileReference; lastKnownFileType = folder.assetcatalog; name = Images.xcassets; path = AMoAdNativeCollectionViewIconText/Images.xcassets; sourceTree = SOURCE_ROOT; };
		F60DE7A61B7B2F5E0027F95F /* Info.plist */ = {isa = PBXFileReference; fileEncoding = 4; lastKnownFileType = text.plist.xml; name = Info.plist; path = AMoAdNativeCollectionViewIconText/Info.plist; sourceTree = SOURCE_ROOT; };
		F60DE7A71B7B2F5E0027F95F /* main.m */ = {isa = PBXFileReference; fileEncoding = 4; lastKnownFileType = sourcecode.c.objc; name = main.m; path = AMoAdNativeCollectionViewIconText/main.m; sourceTree = SOURCE_ROOT; };
		F60DE7A81B7B2F5E0027F95F /* UserCollectionViewCell.xib */ = {isa = PBXFileReference; fileEncoding = 4; lastKnownFileType = file.xib; name = UserCollectionViewCell.xib; path = AMoAdNativeCollectionViewIconText/UserCollectionViewCell.xib; sourceTree = SOURCE_ROOT; };
		F60DE7A91B7B2F5E0027F95F /* ViewController.h */ = {isa = PBXFileReference; fileEncoding = 4; lastKnownFileType = sourcecode.c.h; name = ViewController.h; path = AMoAdNativeCollectionViewIconText/ViewController.h; sourceTree = SOURCE_ROOT; };
		F60DE7AA1B7B2F5E0027F95F /* ViewController.m */ = {isa = PBXFileReference; fileEncoding = 4; lastKnownFileType = sourcecode.c.objc; name = ViewController.m; path = AMoAdNativeCollectionViewIconText/ViewController.m; sourceTree = SOURCE_ROOT; };
/* End PBXFileReference section */

/* Begin PBXFrameworksBuildPhase section */
		E9E586E01AE78DF200885993 /* Frameworks */ = {
			isa = PBXFrameworksBuildPhase;
			buildActionMask = 2147483647;
			files = (
				E9E5871C1AE7979D00885993 /* StoreKit.framework in Frameworks */,
				E9E587161AE78E5E00885993 /* ImageIO.framework in Frameworks */,
				F60DE7AC1B7B2F5E0027F95F /* libAMoAd.a in Frameworks */,
				E9E587141AE78E5700885993 /* AdSupport.framework in Frameworks */,
			);
			runOnlyForDeploymentPostprocessing = 0;
		};
/* End PBXFrameworksBuildPhase section */

/* Begin PBXGroup section */
		E9E586DA1AE78DF200885993 = {
			isa = PBXGroup;
			children = (
				E9E5871B1AE7979D00885993 /* StoreKit.framework */,
				E9E587151AE78E5E00885993 /* ImageIO.framework */,
				E9E587131AE78E5700885993 /* AdSupport.framework */,
				E9E586E51AE78DF200885993 /* AMoAdNativeCollectionViewIconText */,
				E9E586E41AE78DF200885993 /* Products */,
			);
			sourceTree = "<group>";
		};
		E9E586E41AE78DF200885993 /* Products */ = {
			isa = PBXGroup;
			children = (
				E9E586E31AE78DF200885993 /* AMoAdNativeCollectionViewIconText.app */,
			);
			name = Products;
			sourceTree = "<group>";
		};
		E9E586E51AE78DF200885993 /* AMoAdNativeCollectionViewIconText */ = {
			isa = PBXGroup;
			children = (
				F60DE7991B7B2F5E0027F95F /* AdIconTextCollectionViewCell.xib */,
				F60DE79A1B7B2F5E0027F95F /* AMoAdSdk */,
				F60DE79E1B7B2F5E0027F95F /* AppDelegate.h */,
				F60DE79F1B7B2F5E0027F95F /* AppDelegate.m */,
				F60DE7A01B7B2F5E0027F95F /* Base.lproj */,
				F60DE7A51B7B2F5E0027F95F /* Images.xcassets */,
				F60DE7A61B7B2F5E0027F95F /* Info.plist */,
				F60DE7A71B7B2F5E0027F95F /* main.m */,
				F60DE7A81B7B2F5E0027F95F /* UserCollectionViewCell.xib */,
				F60DE7A91B7B2F5E0027F95F /* ViewController.h */,
				F60DE7AA1B7B2F5E0027F95F /* ViewController.m */,
			);
			name = AMoAdNativeCollectionViewIconText;
			path = AMoAdNativeCollectionViewImageText;
			sourceTree = "<group>";
		};
		F60DE79A1B7B2F5E0027F95F /* AMoAdSdk */ = {
			isa = PBXGroup;
			children = (
				F60DE79B1B7B2F5E0027F95F /* AMoAdLogger.h */,
				F60DE79C1B7B2F5E0027F95F /* AMoAdNativeView.h */,
				F60DE79D1B7B2F5E0027F95F /* libAMoAd.a */,
			);
			name = AMoAdSdk;
			path = AMoAdNativeCollectionViewIconText/AMoAdSdk;
			sourceTree = SOURCE_ROOT;
		};
		F60DE7A01B7B2F5E0027F95F /* Base.lproj */ = {
			isa = PBXGroup;
			children = (
				F60DE7A11B7B2F5E0027F95F /* LaunchScreen.xib */,
				F60DE7A31B7B2F5E0027F95F /* Main.storyboard */,
			);
			name = Base.lproj;
			path = AMoAdNativeCollectionViewIconText/Base.lproj;
			sourceTree = SOURCE_ROOT;
		};
/* End PBXGroup section */

/* Begin PBXNativeTarget section */
		E9E586E21AE78DF200885993 /* AMoAdNativeCollectionViewIconText */ = {
			isa = PBXNativeTarget;
			buildConfigurationList = E9E587061AE78DF200885993 /* Build configuration list for PBXNativeTarget "AMoAdNativeCollectionViewIconText" */;
			buildPhases = (
				E9E586DF1AE78DF200885993 /* Sources */,
				E9E586E01AE78DF200885993 /* Frameworks */,
				E9E586E11AE78DF200885993 /* Resources */,
			);
			buildRules = (
			);
			dependencies = (
			);
			name = AMoAdNativeCollectionViewIconText;
			productName = AMoAdNativeCollectionViewImageText;
			productReference = E9E586E31AE78DF200885993 /* AMoAdNativeCollectionViewIconText.app */;
			productType = "com.apple.product-type.application";
		};
/* End PBXNativeTarget section */

/* Begin PBXProject section */
		E9E586DB1AE78DF200885993 /* Project object */ = {
			isa = PBXProject;
			attributes = {
				LastUpgradeCheck = 0630;
				ORGANIZATIONNAME = AMoAd;
				TargetAttributes = {
					E9E586E21AE78DF200885993 = {
						CreatedOnToolsVersion = 6.3;
					};
				};
			};
			buildConfigurationList = E9E586DE1AE78DF200885993 /* Build configuration list for PBXProject "AMoAdNativeCollectionViewIconText" */;
			compatibilityVersion = "Xcode 3.2";
			developmentRegion = English;
			hasScannedForEncodings = 0;
			knownRegions = (
				en,
				Base,
			);
			mainGroup = E9E586DA1AE78DF200885993;
			productRefGroup = E9E586E41AE78DF200885993 /* Products */;
			projectDirPath = "";
			projectRoot = "";
			targets = (
				E9E586E21AE78DF200885993 /* AMoAdNativeCollectionViewIconText */,
			);
		};
/* End PBXProject section */

/* Begin PBXResourcesBuildPhase section */
		E9E586E11AE78DF200885993 /* Resources */ = {
			isa = PBXResourcesBuildPhase;
			buildActionMask = 2147483647;
			files = (
				F60DE7AF1B7B2F5E0027F95F /* Main.storyboard in Resources */,
				F60DE7B01B7B2F5E0027F95F /* Images.xcassets in Resources */,
				F60DE7AE1B7B2F5E0027F95F /* LaunchScreen.xib in Resources */,
				F60DE7B31B7B2F5E0027F95F /* UserCollectionViewCell.xib in Resources */,
				F60DE7B11B7B2F5E0027F95F /* Info.plist in Resources */,
				F60DE7AB1B7B2F5E0027F95F /* AdIconTextCollectionViewCell.xib in Resources */,
			);
			runOnlyForDeploymentPostprocessing = 0;
		};
/* End PBXResourcesBuildPhase section */

/* Begin PBXSourcesBuildPhase section */
		E9E586DF1AE78DF200885993 /* Sources */ = {
			isa = PBXSourcesBuildPhase;
			buildActionMask = 2147483647;
			files = (
				F60DE7B41B7B2F5E0027F95F /* ViewController.m in Sources */,
				F60DE7B21B7B2F5E0027F95F /* main.m in Sources */,
				F60DE7AD1B7B2F5E0027F95F /* AppDelegate.m in Sources */,
			);
			runOnlyForDeploymentPostprocessing = 0;
		};
/* End PBXSourcesBuildPhase section */

/* Begin PBXVariantGroup section */
		F60DE7A11B7B2F5E0027F95F /* LaunchScreen.xib */ = {
			isa = PBXVariantGroup;
			children = (
				F60DE7A21B7B2F5E0027F95F /* Base */,
			);
			name = LaunchScreen.xib;
			sourceTree = "<group>";
		};
		F60DE7A31B7B2F5E0027F95F /* Main.storyboard */ = {
			isa = PBXVariantGroup;
			children = (
				F60DE7A41B7B2F5E0027F95F /* Base */,
			);
			name = Main.storyboard;
			sourceTree = "<group>";
		};
/* End PBXVariantGroup section */

/* Begin XCBuildConfiguration section */
		E9E587041AE78DF200885993 /* Debug */ = {
			isa = XCBuildConfiguration;
			buildSettings = {
				ALWAYS_SEARCH_USER_PATHS = NO;
				CLANG_CXX_LANGUAGE_STANDARD = "gnu++0x";
				CLANG_CXX_LIBRARY = "libc++";
				CLANG_ENABLE_MODULES = YES;
				CLANG_ENABLE_OBJC_ARC = YES;
				CLANG_WARN_BOOL_CONVERSION = YES;
				CLANG_WARN_CONSTANT_CONVERSION = YES;
				CLANG_WARN_DIRECT_OBJC_ISA_USAGE = YES_ERROR;
				CLANG_WARN_EMPTY_BODY = YES;
				CLANG_WARN_ENUM_CONVERSION = YES;
				CLANG_WARN_INT_CONVERSION = YES;
				CLANG_WARN_OBJC_ROOT_CLASS = YES_ERROR;
				CLANG_WARN_UNREACHABLE_CODE = YES;
				CLANG_WARN__DUPLICATE_METHOD_MATCH = YES;
				"CODE_SIGN_IDENTITY[sdk=iphoneos*]" = "iPhone Developer";
				COPY_PHASE_STRIP = NO;
				DEBUG_INFORMATION_FORMAT = "dwarf-with-dsym";
				ENABLE_STRICT_OBJC_MSGSEND = YES;
				GCC_C_LANGUAGE_STANDARD = gnu99;
				GCC_DYNAMIC_NO_PIC = NO;
				GCC_NO_COMMON_BLOCKS = YES;
				GCC_OPTIMIZATION_LEVEL = 0;
				GCC_PREPROCESSOR_DEFINITIONS = (
					"DEBUG=1",
					"$(inherited)",
				);
				GCC_SYMBOLS_PRIVATE_EXTERN = NO;
				GCC_WARN_64_TO_32_BIT_CONVERSION = YES;
				GCC_WARN_ABOUT_RETURN_TYPE = YES_ERROR;
				GCC_WARN_UNDECLARED_SELECTOR = YES;
				GCC_WARN_UNINITIALIZED_AUTOS = YES_AGGRESSIVE;
				GCC_WARN_UNUSED_FUNCTION = YES;
				GCC_WARN_UNUSED_VARIABLE = YES;
				IPHONEOS_DEPLOYMENT_TARGET = 8.3;
				MTL_ENABLE_DEBUG_INFO = YES;
				ONLY_ACTIVE_ARCH = YES;
				SDKROOT = iphoneos;
				TARGETED_DEVICE_FAMILY = "1,2";
			};
			name = Debug;
		};
		E9E587051AE78DF200885993 /* Release */ = {
			isa = XCBuildConfiguration;
			buildSettings = {
				ALWAYS_SEARCH_USER_PATHS = NO;
				CLANG_CXX_LANGUAGE_STANDARD = "gnu++0x";
				CLANG_CXX_LIBRARY = "libc++";
				CLANG_ENABLE_MODULES = YES;
				CLANG_ENABLE_OBJC_ARC = YES;
				CLANG_WARN_BOOL_CONVERSION = YES;
				CLANG_WARN_CONSTANT_CONVERSION = YES;
				CLANG_WARN_DIRECT_OBJC_ISA_USAGE = YES_ERROR;
				CLANG_WARN_EMPTY_BODY = YES;
				CLANG_WARN_ENUM_CONVERSION = YES;
				CLANG_WARN_INT_CONVERSION = YES;
				CLANG_WARN_OBJC_ROOT_CLASS = YES_ERROR;
				CLANG_WARN_UNREACHABLE_CODE = YES;
				CLANG_WARN__DUPLICATE_METHOD_MATCH = YES;
				"CODE_SIGN_IDENTITY[sdk=iphoneos*]" = "iPhone Developer";
				COPY_PHASE_STRIP = NO;
				DEBUG_INFORMATION_FORMAT = "dwarf-with-dsym";
				ENABLE_NS_ASSERTIONS = NO;
				ENABLE_STRICT_OBJC_MSGSEND = YES;
				GCC_C_LANGUAGE_STANDARD = gnu99;
				GCC_NO_COMMON_BLOCKS = YES;
				GCC_WARN_64_TO_32_BIT_CONVERSION = YES;
				GCC_WARN_ABOUT_RETURN_TYPE = YES_ERROR;
				GCC_WARN_UNDECLARED_SELECTOR = YES;
				GCC_WARN_UNINITIALIZED_AUTOS = YES_AGGRESSIVE;
				GCC_WARN_UNUSED_FUNCTION = YES;
				GCC_WARN_UNUSED_VARIABLE = YES;
				IPHONEOS_DEPLOYMENT_TARGET = 8.3;
				MTL_ENABLE_DEBUG_INFO = NO;
				SDKROOT = iphoneos;
				TARGETED_DEVICE_FAMILY = "1,2";
				VALIDATE_PRODUCT = YES;
			};
			name = Release;
		};
		E9E587071AE78DF200885993 /* Debug */ = {
			isa = XCBuildConfiguration;
			buildSettings = {
				ASSETCATALOG_COMPILER_APPICON_NAME = AppIcon;
				INFOPLIST_FILE = AMoAdNativeCollectionViewIconText/Info.plist;
				LD_RUNPATH_SEARCH_PATHS = "$(inherited) @executable_path/Frameworks";
				LIBRARY_SEARCH_PATHS = (
					"$(inherited)",
					"$(PROJECT_DIR)/AMoAdNativeCollectionViewIconText/AMoAdSdk",
				);
				OTHER_LDFLAGS = "-ObjC";
				PRODUCT_NAME = AMoAdNativeCollectionViewIconText;
			};
			name = Debug;
		};
		E9E587081AE78DF200885993 /* Release */ = {
			isa = XCBuildConfiguration;
			buildSettings = {
				ASSETCATALOG_COMPILER_APPICON_NAME = AppIcon;
				INFOPLIST_FILE = AMoAdNativeCollectionViewIconText/Info.plist;
				LD_RUNPATH_SEARCH_PATHS = "$(inherited) @executable_path/Frameworks";
				LIBRARY_SEARCH_PATHS = (
					"$(inherited)",
					"$(PROJECT_DIR)/AMoAdNativeCollectionViewIconText/AMoAdSdk",
				);
				OTHER_LDFLAGS = "-ObjC";
				PRODUCT_NAME = AMoAdNativeCollectionViewIconText;
			};
			name = Release;
		};
/* End XCBuildConfiguration section */

/* Begin XCConfigurationList section */
		E9E586DE1AE78DF200885993 /* Build configuration list for PBXProject "AMoAdNativeCollectionViewIconText" */ = {
			isa = XCConfigurationList;
			buildConfigurations = (
				E9E587041AE78DF200885993 /* Debug */,
				E9E587051AE78DF200885993 /* Release */,
			);
			defaultConfigurationIsVisible = 0;
			defaultConfigurationName = Release;
		};
		E9E587061AE78DF200885993 /* Build configuration list for PBXNativeTarget "AMoAdNativeCollectionViewIconText" */ = {
			isa = XCConfigurationList;
			buildConfigurations = (
				E9E587071AE78DF200885993 /* Debug */,
				E9E587081AE78DF200885993 /* Release */,
			);
			defaultConfigurationIsVisible = 0;
			defaultConfigurationName = Release;
		};
/* End XCConfigurationList section */
	};
	rootObject = E9E586DB1AE78DF200885993 /* Project object */;
}
