// !$*UTF8*$!
{
	archiveVersion = 1;
	classes = {
	};
	objectVersion = 46;
	objects = {

/* Begin PBXBuildFile section */
		E993CE5F1C1953DD002968B6 /* AppDelegate.swift in Sources */ = {isa = PBXBuildFile; fileRef = E993CE5E1C1953DD002968B6 /* AppDelegate.swift */; };
		E993CE611C1953DD002968B6 /* ViewController.swift in Sources */ = {isa = PBXBuildFile; fileRef = E993CE601C1953DD002968B6 /* ViewController.swift */; };
		E993CE641C1953DD002968B6 /* Main.storyboard in Resources */ = {isa = PBXBuildFile; fileRef = E993CE621C1953DD002968B6 /* Main.storyboard */; };
		E993CE661C1953DD002968B6 /* Assets.xcassets in Resources */ = {isa = PBXBuildFile; fileRef = E993CE651C1953DD002968B6 /* Assets.xcassets */; };
		E993CE691C1953DD002968B6 /* LaunchScreen.storyboard in Resources */ = {isa = PBXBuildFile; fileRef = E993CE671C1953DD002968B6 /* LaunchScreen.storyboard */; };
		E9C7A8891CEDC0D60013B308 /* StoreKit.framework in Frameworks */ = {isa = PBXBuildFile; fileRef = E9C7A8881CEDC0D60013B308 /* StoreKit.framework */; };
		E9C7A88B1CEDC0DE0013B308 /* AVFoundation.framework in Frameworks */ = {isa = PBXBuildFile; fileRef = E9C7A88A1CEDC0DE0013B308 /* AVFoundation.framework */; };
		E9C7A88D1CEDC0E70013B308 /* CoreMedia.framework in Frameworks */ = {isa = PBXBuildFile; fileRef = E9C7A88C1CEDC0E70013B308 /* CoreMedia.framework */; };
		E9CC51151C195BBF00190278 /* libAMoAd.a in Frameworks */ = {isa = PBXBuildFile; fileRef = E9CC51141C195BBF00190278 /* libAMoAd.a */; };
		E9CC51181C1966A200190278 /* AdSupport.framework in Frameworks */ = {isa = PBXBuildFile; fileRef = E9CC51171C1966A200190278 /* AdSupport.framework */; };
		E9CC511A1C1966AD00190278 /* ImageIO.framework in Frameworks */ = {isa = PBXBuildFile; fileRef = E9CC51191C1966AD00190278 /* ImageIO.framework */; };
		E9CC511C1C1B12D600190278 /* index.html in Resources */ = {isa = PBXBuildFile; fileRef = E9CC511B1C1B12D600190278 /* index.html */; };
/* End PBXBuildFile section */

/* Begin PBXFileReference section */
		E993CE5B1C1953DD002968B6 /* AMoAdWebViewSwiftSample.app */ = {isa = PBXFileReference; explicitFileType = wrapper.application; includeInIndex = 0; path = AMoAdWebViewSwiftSample.app; sourceTree = BUILT_PRODUCTS_DIR; };
		E993CE5E1C1953DD002968B6 /* AppDelegate.swift */ = {isa = PBXFileReference; lastKnownFileType = sourcecode.swift; path = AppDelegate.swift; sourceTree = "<group>"; };
		E993CE601C1953DD002968B6 /* ViewController.swift */ = {isa = PBXFileReference; lastKnownFileType = sourcecode.swift; path = ViewController.swift; sourceTree = "<group>"; };
		E993CE631C1953DD002968B6 /* Base */ = {isa = PBXFileReference; lastKnownFileType = file.storyboard; name = Base; path = Base.lproj/Main.storyboard; sourceTree = "<group>"; };
		E993CE651C1953DD002968B6 /* Assets.xcassets */ = {isa = PBXFileReference; lastKnownFileType = folder.assetcatalog; path = Assets.xcassets; sourceTree = "<group>"; };
		E993CE681C1953DD002968B6 /* Base */ = {isa = PBXFileReference; lastKnownFileType = file.storyboard; name = Base; path = Base.lproj/LaunchScreen.storyboard; sourceTree = "<group>"; };
		E993CE6A1C1953DD002968B6 /* Info.plist */ = {isa = PBXFileReference; lastKnownFileType = text.plist.xml; path = Info.plist; sourceTree = "<group>"; };
		E9C7A8881CEDC0D60013B308 /* StoreKit.framework */ = {isa = PBXFileReference; lastKnownFileType = wrapper.framework; name = StoreKit.framework; path = System/Library/Frameworks/StoreKit.framework; sourceTree = SDKROOT; };
		E9C7A88A1CEDC0DE0013B308 /* AVFoundation.framework */ = {isa = PBXFileReference; lastKnownFileType = wrapper.framework; name = AVFoundation.framework; path = System/Library/Frameworks/AVFoundation.framework; sourceTree = SDKROOT; };
		E9C7A88C1CEDC0E70013B308 /* CoreMedia.framework */ = {isa = PBXFileReference; lastKnownFileType = wrapper.framework; name = CoreMedia.framework; path = System/Library/Frameworks/CoreMedia.framework; sourceTree = SDKROOT; };
		E9CC51111C195BBF00190278 /* AMoAd.h */ = {isa = PBXFileReference; fileEncoding = 4; lastKnownFileType = sourcecode.c.h; name = AMoAd.h; path = AMoAdSdk/AMoAd.h; sourceTree = "<group>"; };
		E9CC51121C195BBF00190278 /* AMoAdLogger.h */ = {isa = PBXFileReference; fileEncoding = 4; lastKnownFileType = sourcecode.c.h; name = AMoAdLogger.h; path = AMoAdSdk/AMoAdLogger.h; sourceTree = "<group>"; };
		E9CC51131C195BBF00190278 /* AMoAdWeb.h */ = {isa = PBXFileReference; fileEncoding = 4; lastKnownFileType = sourcecode.c.h; name = AMoAdWeb.h; path = AMoAdSdk/AMoAdWeb.h; sourceTree = "<group>"; };
		E9CC51141C195BBF00190278 /* libAMoAd.a */ = {isa = PBXFileReference; lastKnownFileType = archive.ar; name = libAMoAd.a; path = AMoAdSdk/libAMoAd.a; sourceTree = "<group>"; };
		E9CC51161C195F2E00190278 /* AMoAdWebViewSwiftSample-Bridging-Header.h */ = {isa = PBXFileReference; fileEncoding = 4; lastKnownFileType = sourcecode.c.h; path = "AMoAdWebViewSwiftSample-Bridging-Header.h"; sourceTree = "<group>"; };
		E9CC51171C1966A200190278 /* AdSupport.framework */ = {isa = PBXFileReference; lastKnownFileType = wrapper.framework; name = AdSupport.framework; path = System/Library/Frameworks/AdSupport.framework; sourceTree = SDKROOT; };
		E9CC51191C1966AD00190278 /* ImageIO.framework */ = {isa = PBXFileReference; lastKnownFileType = wrapper.framework; name = ImageIO.framework; path = System/Library/Frameworks/ImageIO.framework; sourceTree = SDKROOT; };
		E9CC511B1C1B12D600190278 /* index.html */ = {isa = PBXFileReference; fileEncoding = 4; lastKnownFileType = text.html; path = index.html; sourceTree = "<group>"; };
/* End PBXFileReference section */

/* Begin PBXFrameworksBuildPhase section */
		E993CE581C1953DD002968B6 /* Frameworks */ = {
			isa = PBXFrameworksBuildPhase;
			buildActionMask = 2147483647;
			files = (
				E9C7A88D1CEDC0E70013B308 /* CoreMedia.framework in Frameworks */,
				E9C7A88B1CEDC0DE0013B308 /* AVFoundation.framework in Frameworks */,
				E9C7A8891CEDC0D60013B308 /* StoreKit.framework in Frameworks */,
				E9CC511A1C1966AD00190278 /* ImageIO.framework in Frameworks */,
				E9CC51181C1966A200190278 /* AdSupport.framework in Frameworks */,
				E9CC51151C195BBF00190278 /* libAMoAd.a in Frameworks */,
			);
			runOnlyForDeploymentPostprocessing = 0;
		};
/* End PBXFrameworksBuildPhase section */

/* Begin PBXGroup section */
		E993CE521C1953DD002968B6 = {
			isa = PBXGroup;
			children = (
				E9C7A88C1CEDC0E70013B308 /* CoreMedia.framework */,
				E9C7A88A1CEDC0DE0013B308 /* AVFoundation.framework */,
				E9C7A8881CEDC0D60013B308 /* StoreKit.framework */,
				E9CC51191C1966AD00190278 /* ImageIO.framework */,
				E9CC51171C1966A200190278 /* AdSupport.framework */,
				E993CE5D1C1953DD002968B6 /* AMoAdWebViewSwiftSample */,
				E993CE5C1C1953DD002968B6 /* Products */,
			);
			sourceTree = "<group>";
		};
		E993CE5C1C1953DD002968B6 /* Products */ = {
			isa = PBXGroup;
			children = (
				E993CE5B1C1953DD002968B6 /* AMoAdWebViewSwiftSample.app */,
			);
			name = Products;
			sourceTree = "<group>";
		};
		E993CE5D1C1953DD002968B6 /* AMoAdWebViewSwiftSample */ = {
			isa = PBXGroup;
			children = (
				E9CC511B1C1B12D600190278 /* index.html */,
				E9CC51161C195F2E00190278 /* AMoAdWebViewSwiftSample-Bridging-Header.h */,
				E9CC51101C195BAC00190278 /* AMoAdSdk */,
				E993CE5E1C1953DD002968B6 /* AppDelegate.swift */,
				E993CE601C1953DD002968B6 /* ViewController.swift */,
				E993CE621C1953DD002968B6 /* Main.storyboard */,
				E993CE651C1953DD002968B6 /* Assets.xcassets */,
				E993CE671C1953DD002968B6 /* LaunchScreen.storyboard */,
				E993CE6A1C1953DD002968B6 /* Info.plist */,
			);
			path = AMoAdWebViewSwiftSample;
			sourceTree = "<group>";
		};
		E9CC51101C195BAC00190278 /* AMoAdSdk */ = {
			isa = PBXGroup;
			children = (
				E9CC51111C195BBF00190278 /* AMoAd.h */,
				E9CC51121C195BBF00190278 /* AMoAdLogger.h */,
				E9CC51131C195BBF00190278 /* AMoAdWeb.h */,
				E9CC51141C195BBF00190278 /* libAMoAd.a */,
			);
			name = AMoAdSdk;
			sourceTree = "<group>";
		};
/* End PBXGroup section */

/* Begin PBXNativeTarget section */
		E993CE5A1C1953DD002968B6 /* AMoAdWebViewSwiftSample */ = {
			isa = PBXNativeTarget;
			buildConfigurationList = E993CE6D1C1953DD002968B6 /* Build configuration list for PBXNativeTarget "AMoAdWebViewSwiftSample" */;
			buildPhases = (
				E993CE571C1953DD002968B6 /* Sources */,
				E993CE581C1953DD002968B6 /* Frameworks */,
				E993CE591C1953DD002968B6 /* Resources */,
			);
			buildRules = (
			);
			dependencies = (
			);
			name = AMoAdWebViewSwiftSample;
			productName = AMoAdWebViewSwiftSample;
			productReference = E993CE5B1C1953DD002968B6 /* AMoAdWebViewSwiftSample.app */;
			productType = "com.apple.product-type.application";
		};
/* End PBXNativeTarget section */

/* Begin PBXProject section */
		E993CE531C1953DD002968B6 /* Project object */ = {
			isa = PBXProject;
			attributes = {
				LastSwiftUpdateCheck = 0720;
				LastUpgradeCheck = 0810;
				ORGANIZATIONNAME = AMoAd;
				TargetAttributes = {
					E993CE5A1C1953DD002968B6 = {
						CreatedOnToolsVersion = 7.2;
						DevelopmentTeam = R483GUQ2NF;
						LastSwiftMigration = 0810;
					};
				};
			};
			buildConfigurationList = E993CE561C1953DD002968B6 /* Build configuration list for PBXProject "AMoAdWebViewSwiftSample" */;
			compatibilityVersion = "Xcode 3.2";
			developmentRegion = English;
			hasScannedForEncodings = 0;
			knownRegions = (
				en,
				Base,
			);
			mainGroup = E993CE521C1953DD002968B6;
			productRefGroup = E993CE5C1C1953DD002968B6 /* Products */;
			projectDirPath = "";
			projectRoot = "";
			targets = (
				E993CE5A1C1953DD002968B6 /* AMoAdWebViewSwiftSample */,
			);
		};
/* End PBXProject section */

/* Begin PBXResourcesBuildPhase section */
		E993CE591C1953DD002968B6 /* Resources */ = {
			isa = PBXResourcesBuildPhase;
			buildActionMask = 2147483647;
			files = (
				E993CE691C1953DD002968B6 /* LaunchScreen.storyboard in Resources */,
				E9CC511C1C1B12D600190278 /* index.html in Resources */,
				E993CE661C1953DD002968B6 /* Assets.xcassets in Resources */,
				E993CE641C1953DD002968B6 /* Main.storyboard in Resources */,
			);
			runOnlyForDeploymentPostprocessing = 0;
		};
/* End PBXResourcesBuildPhase section */

/* Begin PBXSourcesBuildPhase section */
		E993CE571C1953DD002968B6 /* Sources */ = {
			isa = PBXSourcesBuildPhase;
			buildActionMask = 2147483647;
			files = (
				E993CE611C1953DD002968B6 /* ViewController.swift in Sources */,
				E993CE5F1C1953DD002968B6 /* AppDelegate.swift in Sources */,
			);
			runOnlyForDeploymentPostprocessing = 0;
		};
/* End PBXSourcesBuildPhase section */

/* Begin PBXVariantGroup section */
		E993CE621C1953DD002968B6 /* Main.storyboard */ = {
			isa = PBXVariantGroup;
			children = (
				E993CE631C1953DD002968B6 /* Base */,
			);
			name = Main.storyboard;
			sourceTree = "<group>";
		};
		E993CE671C1953DD002968B6 /* LaunchScreen.storyboard */ = {
			isa = PBXVariantGroup;
			children = (
				E993CE681C1953DD002968B6 /* Base */,
			);
			name = LaunchScreen.storyboard;
			sourceTree = "<group>";
		};
/* End PBXVariantGroup section */

/* Begin XCBuildConfiguration section */
		E993CE6B1C1953DD002968B6 /* Debug */ = {
			isa = XCBuildConfiguration;
			buildSettings = {
				ALWAYS_SEARCH_USER_PATHS = NO;
				CLANG_CXX_LANGUAGE_STANDARD = "gnu++0x";
				CLANG_CXX_LIBRARY = "libc++";
				CLANG_ENABLE_MODULES = YES;
				CLANG_ENABLE_OBJC_ARC = YES;
				CLANG_WARN_BOOL_CONVERSION = YES;
				CLANG_WARN_CONSTANT_CONVERSION = YES;
				CLANG_WARN_DIRECT_OBJC_ISA_USAGE = YES_ERROR;
				CLANG_WARN_EMPTY_BODY = YES;
				CLANG_WARN_ENUM_CONVERSION = YES;
				CLANG_WARN_INFINITE_RECURSION = YES;
				CLANG_WARN_INT_CONVERSION = YES;
				CLANG_WARN_OBJC_ROOT_CLASS = YES_ERROR;
				CLANG_WARN_SUSPICIOUS_MOVE = YES;
				CLANG_WARN_UNREACHABLE_CODE = YES;
				CLANG_WARN__DUPLICATE_METHOD_MATCH = YES;
				"CODE_SIGN_IDENTITY[sdk=iphoneos*]" = "iPhone Developer";
				COPY_PHASE_STRIP = NO;
				DEBUG_INFORMATION_FORMAT = dwarf;
				ENABLE_STRICT_OBJC_MSGSEND = YES;
				ENABLE_TESTABILITY = YES;
				GCC_C_LANGUAGE_STANDARD = gnu99;
				GCC_DYNAMIC_NO_PIC = NO;
				GCC_NO_COMMON_BLOCKS = YES;
				GCC_OPTIMIZATION_LEVEL = 0;
				GCC_PREPROCESSOR_DEFINITIONS = (
					"DEBUG=1",
					"$(inherited)",
				);
				GCC_WARN_64_TO_32_BIT_CONVERSION = YES;
				GCC_WARN_ABOUT_RETURN_TYPE = YES_ERROR;
				GCC_WARN_UNDECLARED_SELECTOR = YES;
				GCC_WARN_UNINITIALIZED_AUTOS = YES_AGGRESSIVE;
				GCC_WARN_UNUSED_FUNCTION = YES;
				GCC_WARN_UNUSED_VARIABLE = YES;
				IPHONEOS_DEPLOYMENT_TARGET = 8.0;
				MTL_ENABLE_DEBUG_INFO = YES;
				ONLY_ACTIVE_ARCH = YES;
				SDKROOT = iphoneos;
				SWIFT_OPTIMIZATION_LEVEL = "-Onone";
				TARGETED_DEVICE_FAMILY = "1,2";
			};
			name = Debug;
		};
		E993CE6C1C1953DD002968B6 /* Release */ = {
			isa = XCBuildConfiguration;
			buildSettings = {
				ALWAYS_SEARCH_USER_PATHS = NO;
				CLANG_CXX_LANGUAGE_STANDARD = "gnu++0x";
				CLANG_CXX_LIBRARY = "libc++";
				CLANG_ENABLE_MODULES = YES;
				CLANG_ENABLE_OBJC_ARC = YES;
				CLANG_WARN_BOOL_CONVERSION = YES;
				CLANG_WARN_CONSTANT_CONVERSION = YES;
				CLANG_WARN_DIRECT_OBJC_ISA_USAGE = YES_ERROR;
				CLANG_WARN_EMPTY_BODY = YES;
				CLANG_WARN_ENUM_CONVERSION = YES;
				CLANG_WARN_INFINITE_RECURSION = YES;
				CLANG_WARN_INT_CONVERSION = YES;
				CLANG_WARN_OBJC_ROOT_CLASS = YES_ERROR;
				CLANG_WARN_SUSPICIOUS_MOVE = YES;
				CLANG_WARN_UNREACHABLE_CODE = YES;
				CLANG_WARN__DUPLICATE_METHOD_MATCH = YES;
				"CODE_SIGN_IDENTITY[sdk=iphoneos*]" = "iPhone Developer";
				COPY_PHASE_STRIP = NO;
				DEBUG_INFORMATION_FORMAT = "dwarf-with-dsym";
				ENABLE_NS_ASSERTIONS = NO;
				ENABLE_STRICT_OBJC_MSGSEND = YES;
				GCC_C_LANGUAGE_STANDARD = gnu99;
				GCC_NO_COMMON_BLOCKS = YES;
				GCC_WARN_64_TO_32_BIT_CONVERSION = YES;
				GCC_WARN_ABOUT_RETURN_TYPE = YES_ERROR;
				GCC_WARN_UNDECLARED_SELECTOR = YES;
				GCC_WARN_UNINITIALIZED_AUTOS = YES_AGGRESSIVE;
				GCC_WARN_UNUSED_FUNCTION = YES;
				GCC_WARN_UNUSED_VARIABLE = YES;
				IPHONEOS_DEPLOYMENT_TARGET = 8.0;
				MTL_ENABLE_DEBUG_INFO = NO;
				SDKROOT = iphoneos;
				SWIFT_OPTIMIZATION_LEVEL = "-Owholemodule";
				TARGETED_DEVICE_FAMILY = "1,2";
				VALIDATE_PRODUCT = YES;
			};
			name = Release;
		};
		E993CE6E1C1953DD002968B6 /* Debug */ = {
			isa = XCBuildConfiguration;
			buildSettings = {
				ASSETCATALOG_COMPILER_APPICON_NAME = AppIcon;
				ASSETCATALOG_COMPILER_LAUNCHIMAGE_NAME = "Brand Assets";
				CODE_SIGN_IDENTITY = "iPhone Developer";
				INFOPLIST_FILE = AMoAdWebViewSwiftSample/Info.plist;
				IPHONEOS_DEPLOYMENT_TARGET = 8.0;
				LD_RUNPATH_SEARCH_PATHS = "$(inherited) @executable_path/Frameworks";
				LIBRARY_SEARCH_PATHS = (
					"$(inherited)",
					"$(PROJECT_DIR)/AMoAdWebViewSwiftSample/AMoAdSdk",
				);
				PRODUCT_BUNDLE_IDENTIFIER = com.amoad.sample.AMoAdWebViewSwiftSample;
				PRODUCT_NAME = "$(TARGET_NAME)";
				SWIFT_OBJC_BRIDGING_HEADER = "$(SWIFT_MODULE_NAME)/$(SWIFT_MODULE_NAME)-Bridging-Header.h";
				SWIFT_VERSION = 3.0;
			};
			name = Debug;
		};
		E993CE6F1C1953DD002968B6 /* Release */ = {
			isa = XCBuildConfiguration;
			buildSettings = {
				ASSETCATALOG_COMPILER_APPICON_NAME = AppIcon;
				ASSETCATALOG_COMPILER_LAUNCHIMAGE_NAME = "Brand Assets";
				CODE_SIGN_IDENTITY = "iPhone Developer";
				INFOPLIST_FILE = AMoAdWebViewSwiftSample/Info.plist;
				IPHONEOS_DEPLOYMENT_TARGET = 8.0;
				LD_RUNPATH_SEARCH_PATHS = "$(inherited) @executable_path/Frameworks";
				LIBRARY_SEARCH_PATHS = (
					"$(inherited)",
					"$(PROJECT_DIR)/AMoAdWebViewSwiftSample/AMoAdSdk",
				);
				PRODUCT_BUNDLE_IDENTIFIER = com.amoad.sample.AMoAdWebViewSwiftSample;
				PRODUCT_NAME = "$(TARGET_NAME)";
				SWIFT_OBJC_BRIDGING_HEADER = "$(SWIFT_MODULE_NAME)/$(SWIFT_MODULE_NAME)-Bridging-Header.h";
				SWIFT_VERSION = 3.0;
			};
			name = Release;
		};
/* End XCBuildConfiguration section */

/* Begin XCConfigurationList section */
		E993CE561C1953DD002968B6 /* Build configuration list for PBXProject "AMoAdWebViewSwiftSample" */ = {
			isa = XCConfigurationList;
			buildConfigurations = (
				E993CE6B1C1953DD002968B6 /* Debug */,
				E993CE6C1C1953DD002968B6 /* Release */,
			);
			defaultConfigurationIsVisible = 0;
			defaultConfigurationName = Release;
		};
		E993CE6D1C1953DD002968B6 /* Build configuration list for PBXNativeTarget "AMoAdWebViewSwiftSample" */ = {
			isa = XCConfigurationList;
			buildConfigurations = (
				E993CE6E1C1953DD002968B6 /* Debug */,
				E993CE6F1C1953DD002968B6 /* Release */,
			);
			defaultConfigurationIsVisible = 0;
			defaultConfigurationName = Release;
		};
/* End XCConfigurationList section */
	};
	rootObject = E993CE531C1953DD002968B6 /* Project object */;
}
